// !$*UTF8*$!
{
	archiveVersion = 1;
	classes = {
	};
	objectVersion = 56;
	objects = {

/* Begin PBXBuildFile section */
		01134AAB63A71C8DA242A66C /* ProjectService.swift in Sources */ = {isa = PBXBuildFile; fileRef = BC08B1D8915E0171514F5A14 /* ProjectService.swift */; };
		020CF879657DF8764DF89FD9 /* SettingsPersistenceTests.swift in Sources */ = {isa = PBXBuildFile; fileRef = 044EB916F1D3748BB17E7B19 /* SettingsPersistenceTests.swift */; };
		032F27B6F17FC59CC368A23E /* HomeService.swift in Sources */ = {isa = PBXBuildFile; fileRef = 89B76BD0DA4E4676163DF711 /* HomeService.swift */; };
		0832C630D3538FB41F166A6E /* FocusTimerController.swift in Sources */ = {isa = PBXBuildFile; fileRef = 9F7EA9D04BAF8F260ABCB478 /* FocusTimerController.swift */; };
		0CC9DBEDD583A50ECB4D2F71 /* DocumentsDevView.swift in Sources */ = {isa = PBXBuildFile; fileRef = C55AAF6B60E824D48A2EA9D4 /* DocumentsDevView.swift */; };
		12A2398EC9AF8FEED6F29653 /* TodayItemCard.swift in Sources */ = {isa = PBXBuildFile; fileRef = 23A80BB73FB22D7FB46E23D2 /* TodayItemCard.swift */; };
		12A8B2FBB431ED4C58C0575C /* FileReferenceService.swift in Sources */ = {isa = PBXBuildFile; fileRef = BB76812141269FB271CEAC48 /* FileReferenceService.swift */; };
		13BA1AFF32FC2D756B9A4B79 /* ActiveTimerStateServiceTests.swift in Sources */ = {isa = PBXBuildFile; fileRef = 86BE4B502217DE2581E07FC7 /* ActiveTimerStateServiceTests.swift */; };
		156B71C7DA166DB15A6924FE /* FocusTimerSessionLength.swift in Sources */ = {isa = PBXBuildFile; fileRef = E3522C8B1A80D72FCC6071D2 /* FocusTimerSessionLength.swift */; };
		1865E473DFE6B7569208F40F /* DocumentPersistenceTests.swift in Sources */ = {isa = PBXBuildFile; fileRef = 1930638958A5B521B00B4602 /* DocumentPersistenceTests.swift */; };
		193BFDC22D0970FE9568FCB8 /* SchemaMigrationTests.swift in Sources */ = {isa = PBXBuildFile; fileRef = C85EC140FD6AE6F09E20D82B /* SchemaMigrationTests.swift */; };
		2191A8BC94600CCDB692576C /* InterruptedSessionPrompt.swift in Sources */ = {isa = PBXBuildFile; fileRef = 5D8B75DB46A34A6FBEE83DB6 /* InterruptedSessionPrompt.swift */; };
		22B73189D6C93F99B7E0DF4C /* FileReferenceResolver.swift in Sources */ = {isa = PBXBuildFile; fileRef = 06DE6D055396E31BDEFFBE3F /* FileReferenceResolver.swift */; };
		28413DC38795D2B932C96C3E /* AutosaveControllerTests.swift in Sources */ = {isa = PBXBuildFile; fileRef = 8CA19F98E82823FFD181FC3E /* AutosaveControllerTests.swift */; };
		29C6E15AFDC4C5B8F9EB6D8A /* CalendarEventService.swift in Sources */ = {isa = PBXBuildFile; fileRef = A5F48125DFC51F66E4372E9A /* CalendarEventService.swift */; };
		2A7D59E3757D548B871DA798 /* KyleOSSchemaV5.swift in Sources */ = {isa = PBXBuildFile; fileRef = D73908F64313B9B846F20B7E /* KyleOSSchemaV5.swift */; };
		2C4C20D033B8188804289DC1 /* DevDestination.swift in Sources */ = {isa = PBXBuildFile; fileRef = 8D4ED11A26B0DF9FD2EEEB6C /* DevDestination.swift */; };
		2F877317691F404F62173786 /* MonthCalendarServiceTests.swift in Sources */ = {isa = PBXBuildFile; fileRef = CB5A12EDF34A5FF515C0D8DA /* MonthCalendarServiceTests.swift */; };
		2F99D8B063AA1EF887DCB910 /* CreativeCapacityService.swift in Sources */ = {isa = PBXBuildFile; fileRef = EEBDA6AF784F5931DE830C5C /* CreativeCapacityService.swift */; };
		353166ABFBF7406F5F3F015A /* FinishSessionPrompt.swift in Sources */ = {isa = PBXBuildFile; fileRef = F070CFB1807E813ABCC7B7DE /* FinishSessionPrompt.swift */; };
		3DD45C7F77162800F3F64B22 /* CreativeCapacityServiceTests.swift in Sources */ = {isa = PBXBuildFile; fileRef = C3089150D20B0D789E6A972E /* CreativeCapacityServiceTests.swift */; };
		3DE0507395F04E08EA2620EA /* KyleOSSchemaV3.swift in Sources */ = {isa = PBXBuildFile; fileRef = 4BB6349B022C048467D26575 /* KyleOSSchemaV3.swift */; };
		3F165D1B067D4E3A55FE90F4 /* KyleOSMigrationPlan.swift in Sources */ = {isa = PBXBuildFile; fileRef = D1B7574EC24A9CFF1F43003B /* KyleOSMigrationPlan.swift */; };
		3F24A4975186AE59CB1B33CC /* TimerRecoveryServiceTests.swift in Sources */ = {isa = PBXBuildFile; fileRef = D4FBF710F6D8D3B30ACFDBE6 /* TimerRecoveryServiceTests.swift */; };
		415DEECE4EAFDC406A72FE31 /* DeadlineService.swift in Sources */ = {isa = PBXBuildFile; fileRef = 83F94DC097B024E09365AC92 /* DeadlineService.swift */; };
		41AF7B59D6DDB36B4A047DD3 /* WorkSessionPersistenceTests.swift in Sources */ = {isa = PBXBuildFile; fileRef = B3481CB5346116A1D3BAD6F3 /* WorkSessionPersistenceTests.swift */; };
		42B0EE108DE419C0422D2647 /* BackupServiceTests.swift in Sources */ = {isa = PBXBuildFile; fileRef = 108DAD9FC4FE4F4E840A624E /* BackupServiceTests.swift */; };
		4874182D08BB3DF20BEA4063 /* WorkTypeDefaultService.swift in Sources */ = {isa = PBXBuildFile; fileRef = 0E32DBF93F3191403E561ABD /* WorkTypeDefaultService.swift */; };
		56C54A78A73CFBB8F6C8F4AE /* FocusTimerControllerTests.swift in Sources */ = {isa = PBXBuildFile; fileRef = F189C9D30A7D51AA679CB71F /* FocusTimerControllerTests.swift */; };
		5D9E935642D80AD91D348AEB /* WorkItemPersistenceTests.swift in Sources */ = {isa = PBXBuildFile; fileRef = 28E2E29688E5B60623EE4EC9 /* WorkItemPersistenceTests.swift */; };
		611611949E3B2EC9139C40ED /* HomeServiceTests.swift in Sources */ = {isa = PBXBuildFile; fileRef = 27D6194C1261A3FE3D72A7E0 /* HomeServiceTests.swift */; };
		66D7AC0F90542379089813AF /* KyleOSSchemaV1.swift in Sources */ = {isa = PBXBuildFile; fileRef = 80992EE52D8945F9ED5ED043 /* KyleOSSchemaV1.swift */; };
		67825D03AECE7E108CB084CB /* KyleOSApp.swift in Sources */ = {isa = PBXBuildFile; fileRef = 660BC2802312A49BFFD14B72 /* KyleOSApp.swift */; };
		680ED53C1E3989CD253F4950 /* RootView.swift in Sources */ = {isa = PBXBuildFile; fileRef = 2245AF51F43F2E8BDD6097CC /* RootView.swift */; };
		6E82854BA860A44FC52ADF4B /* PlannedSessionPersistenceTests.swift in Sources */ = {isa = PBXBuildFile; fileRef = 84B3BA434554B01740CD3773 /* PlannedSessionPersistenceTests.swift */; };
		80EAE83E7EE0097A2D6CF202 /* CreativeCapacityWidget.swift in Sources */ = {isa = PBXBuildFile; fileRef = 1D7849258563EBED16DAA991 /* CreativeCapacityWidget.swift */; };
		852BCD04B279CAA3026AE16E /* ProjectPersistenceTests.swift in Sources */ = {isa = PBXBuildFile; fileRef = B8FD1115F8D5213BADF90347 /* ProjectPersistenceTests.swift */; };
		8AA271F45558077C103A36ED /* WorkSessionService.swift in Sources */ = {isa = PBXBuildFile; fileRef = F8F8DE3C067BF6A377085202 /* WorkSessionService.swift */; };
		8AC7B4F94D5A982E5A7F2A05 /* KyleOSSchemaV6.swift in Sources */ = {isa = PBXBuildFile; fileRef = 8E0995BC51ECCA3979C67CA0 /* KyleOSSchemaV6.swift */; };
		8B8FEC497EB9B5D9EF2376E6 /* SidebarDestination.swift in Sources */ = {isa = PBXBuildFile; fileRef = 05C9B9B594B11A2A7AC4104F /* SidebarDestination.swift */; };
		947EEEDC9171C7BDE07C1A19 /* MonthCalendarView.swift in Sources */ = {isa = PBXBuildFile; fileRef = DE75F1E6EC6B94BD983113C2 /* MonthCalendarView.swift */; };
		98254136A92BEDF6CBB2FEBE /* KyleOSSchemaV4.swift in Sources */ = {isa = PBXBuildFile; fileRef = 1B255480A25BCDAF317BBD6F /* KyleOSSchemaV4.swift */; };
		9B03B114A4232F96339A7151 /* WorkTypeDefaultTests.swift in Sources */ = {isa = PBXBuildFile; fileRef = 5A49DFCFB01F66015F55750C /* WorkTypeDefaultTests.swift */; };
		A5B10545D2035CB9E2499AF5 /* SidebarSelection.swift in Sources */ = {isa = PBXBuildFile; fileRef = 5E07B579165EA51ACC58D342 /* SidebarSelection.swift */; };
		ADE256727B597B171F59EB5E /* TimerRecoveryService.swift in Sources */ = {isa = PBXBuildFile; fileRef = 252C0322C3D5A27BFED68814 /* TimerRecoveryService.swift */; };
		B06008B8DC9529C5D92122C2 /* TimeFormatting.swift in Sources */ = {isa = PBXBuildFile; fileRef = DF53CB376ECB46AE2DF923C8 /* TimeFormatting.swift */; };
		B97F7A629A30E355726229FE /* DocumentService.swift in Sources */ = {isa = PBXBuildFile; fileRef = CBE110981FB0F1F3ED6CDECD /* DocumentService.swift */; };
		B9FC67F714FAEC4F64B4E9B8 /* FileReferenceResolverTests.swift in Sources */ = {isa = PBXBuildFile; fileRef = 1CDF3891632379E2253D5659 /* FileReferenceResolverTests.swift */; };
		BAA475ADD778F8EDEFE594FF /* PersistenceController.swift in Sources */ = {isa = PBXBuildFile; fileRef = 1B06A23CAF9A33772891D1AA /* PersistenceController.swift */; };
		BD2BB791E75391AFCD5A2349 /* ProjectsDevView.swift in Sources */ = {isa = PBXBuildFile; fileRef = D9DBB03886DE8A4DF8268447 /* ProjectsDevView.swift */; };
		BF4E02803CE746CA71D0EF8E /* DeadlinePersistenceTests.swift in Sources */ = {isa = PBXBuildFile; fileRef = C8E2A04490A9F58FAEDB12C4 /* DeadlinePersistenceTests.swift */; };
		C0495A8136146413B39B9E82 /* WorkItemService.swift in Sources */ = {isa = PBXBuildFile; fileRef = 0729CE85464C6F1BDF375A30 /* WorkItemService.swift */; };
		C05EA5601A5BFEE75C50BC2F /* ActiveTimerBanner.swift in Sources */ = {isa = PBXBuildFile; fileRef = 2A701BEF36396910E6ADA359 /* ActiveTimerBanner.swift */; };
		C3E1E810E12DFEBA0EDB15C1 /* AutosaveController.swift in Sources */ = {isa = PBXBuildFile; fileRef = 45B3013E975D2B4C19DAFE6A /* AutosaveController.swift */; };
		C7807F04607820B381461221 /* CalendarEventPersistenceTests.swift in Sources */ = {isa = PBXBuildFile; fileRef = 9295A52D3460E8B4134E8348 /* CalendarEventPersistenceTests.swift */; };
		D3E04B6C451A896E257D3E33 /* KyleOSSchemaV7.swift in Sources */ = {isa = PBXBuildFile; fileRef = A2D1507C07C4A0E3C7F20FD1 /* KyleOSSchemaV7.swift */; };
		E11770EA10A8A94105FD80B4 /* MonthCalendarService.swift in Sources */ = {isa = PBXBuildFile; fileRef = 3B329BF7E07F1430773368F9 /* MonthCalendarService.swift */; };
		E832ACA1B33B82DDE5D13C33 /* PlannedSessionService.swift in Sources */ = {isa = PBXBuildFile; fileRef = 9D9A5C83517F88DE4D86E509 /* PlannedSessionService.swift */; };
		EC3FE050D3D76369D0611A36 /* BackupService.swift in Sources */ = {isa = PBXBuildFile; fileRef = 82E659CA3986E4A2AF2FBDF9 /* BackupService.swift */; };
		ECCA840DA9EB0FA44B181C8F /* Assets.xcassets in Resources */ = {isa = PBXBuildFile; fileRef = 308D27EF6CF8E299C7CFDFA5 /* Assets.xcassets */; };
		EE1121035BD1D6358A302B79 /* SettingsService.swift in Sources */ = {isa = PBXBuildFile; fileRef = CF80E0FBA836CD54DB5FE5B7 /* SettingsService.swift */; };
		F08983CA4E1FF053BD29A2F0 /* QuickAddButton.swift in Sources */ = {isa = PBXBuildFile; fileRef = 522D786A6B687BD929FB976C /* QuickAddButton.swift */; };
		F1FB21DD03B2DEB7FDD60265 /* FileReferencePersistenceTests.swift in Sources */ = {isa = PBXBuildFile; fileRef = 76011B9ACA3397331B1A89A2 /* FileReferencePersistenceTests.swift */; };
		F2E8144028E4FCC941D1F75E /* PlaceholderDestinationView.swift in Sources */ = {isa = PBXBuildFile; fileRef = CB2B8B128D9C7386AC5A6E6E /* PlaceholderDestinationView.swift */; };
		F3674B5F4ED317D2A104484A /* AllTasksView.swift in Sources */ = {isa = PBXBuildFile; fileRef = DB94F8A6EA8F258C2656AF18 /* AllTasksView.swift */; };
		F4B6740698EDB8B40863C372 /* KyleOSSchemaV2.swift in Sources */ = {isa = PBXBuildFile; fileRef = F9409FDBA105077F901A54E6 /* KyleOSSchemaV2.swift */; };
		F76C9254BED6894DDA2CA598 /* HomeView.swift in Sources */ = {isa = PBXBuildFile; fileRef = 5E8D57D0B5B87CC2EEB0705D /* HomeView.swift */; };
		FC29E516C999040BC1966962 /* ActiveTimerStateService.swift in Sources */ = {isa = PBXBuildFile; fileRef = FF4013FEDF4F30E962B4F6F8 /* ActiveTimerStateService.swift */; };
/* End PBXBuildFile section */

/* Begin PBXContainerItemProxy section */
		D823DDED99CDB599EFD68777 /* PBXContainerItemProxy */ = {
			isa = PBXContainerItemProxy;
			containerPortal = 253407720992904777E0ACFF /* Project object */;
			proxyType = 1;
			remoteGlobalIDString = 67FC2C16D6369550C9FFC1C3;
			remoteInfo = KyleOS;
		};
/* End PBXContainerItemProxy section */

/* Begin PBXFileReference section */
		044EB916F1D3748BB17E7B19 /* SettingsPersistenceTests.swift */ = {isa = PBXFileReference; lastKnownFileType = sourcecode.swift; path = SettingsPersistenceTests.swift; sourceTree = "<group>"; };
		05C9B9B594B11A2A7AC4104F /* SidebarDestination.swift */ = {isa = PBXFileReference; lastKnownFileType = sourcecode.swift; path = SidebarDestination.swift; sourceTree = "<group>"; };
		06DE6D055396E31BDEFFBE3F /* FileReferenceResolver.swift */ = {isa = PBXFileReference; lastKnownFileType = sourcecode.swift; path = FileReferenceResolver.swift; sourceTree = "<group>"; };
		0729CE85464C6F1BDF375A30 /* WorkItemService.swift */ = {isa = PBXFileReference; lastKnownFileType = sourcecode.swift; path = WorkItemService.swift; sourceTree = "<group>"; };
		0E32DBF93F3191403E561ABD /* WorkTypeDefaultService.swift */ = {isa = PBXFileReference; lastKnownFileType = sourcecode.swift; path = WorkTypeDefaultService.swift; sourceTree = "<group>"; };
		108DAD9FC4FE4F4E840A624E /* BackupServiceTests.swift */ = {isa = PBXFileReference; lastKnownFileType = sourcecode.swift; path = BackupServiceTests.swift; sourceTree = "<group>"; };
		1930638958A5B521B00B4602 /* DocumentPersistenceTests.swift */ = {isa = PBXFileReference; lastKnownFileType = sourcecode.swift; path = DocumentPersistenceTests.swift; sourceTree = "<group>"; };
		1B06A23CAF9A33772891D1AA /* PersistenceController.swift */ = {isa = PBXFileReference; lastKnownFileType = sourcecode.swift; path = PersistenceController.swift; sourceTree = "<group>"; };
		1B255480A25BCDAF317BBD6F /* KyleOSSchemaV4.swift */ = {isa = PBXFileReference; lastKnownFileType = sourcecode.swift; path = KyleOSSchemaV4.swift; sourceTree = "<group>"; };
		1CDF3891632379E2253D5659 /* FileReferenceResolverTests.swift */ = {isa = PBXFileReference; lastKnownFileType = sourcecode.swift; path = FileReferenceResolverTests.swift; sourceTree = "<group>"; };
		1D7849258563EBED16DAA991 /* CreativeCapacityWidget.swift */ = {isa = PBXFileReference; lastKnownFileType = sourcecode.swift; path = CreativeCapacityWidget.swift; sourceTree = "<group>"; };
		2245AF51F43F2E8BDD6097CC /* RootView.swift */ = {isa = PBXFileReference; lastKnownFileType = sourcecode.swift; path = RootView.swift; sourceTree = "<group>"; };
		23A80BB73FB22D7FB46E23D2 /* TodayItemCard.swift */ = {isa = PBXFileReference; lastKnownFileType = sourcecode.swift; path = TodayItemCard.swift; sourceTree = "<group>"; };
		252C0322C3D5A27BFED68814 /* TimerRecoveryService.swift */ = {isa = PBXFileReference; lastKnownFileType = sourcecode.swift; path = TimerRecoveryService.swift; sourceTree = "<group>"; };
		27D6194C1261A3FE3D72A7E0 /* HomeServiceTests.swift */ = {isa = PBXFileReference; lastKnownFileType = sourcecode.swift; path = HomeServiceTests.swift; sourceTree = "<group>"; };
		28E2E29688E5B60623EE4EC9 /* WorkItemPersistenceTests.swift */ = {isa = PBXFileReference; lastKnownFileType = sourcecode.swift; path = WorkItemPersistenceTests.swift; sourceTree = "<group>"; };
		2A701BEF36396910E6ADA359 /* ActiveTimerBanner.swift */ = {isa = PBXFileReference; lastKnownFileType = sourcecode.swift; path = ActiveTimerBanner.swift; sourceTree = "<group>"; };
		308D27EF6CF8E299C7CFDFA5 /* Assets.xcassets */ = {isa = PBXFileReference; lastKnownFileType = folder.assetcatalog; path = Assets.xcassets; sourceTree = "<group>"; };
		3B329BF7E07F1430773368F9 /* MonthCalendarService.swift */ = {isa = PBXFileReference; lastKnownFileType = sourcecode.swift; path = MonthCalendarService.swift; sourceTree = "<group>"; };
		45B3013E975D2B4C19DAFE6A /* AutosaveController.swift */ = {isa = PBXFileReference; lastKnownFileType = sourcecode.swift; path = AutosaveController.swift; sourceTree = "<group>"; };
		4BB6349B022C048467D26575 /* KyleOSSchemaV3.swift */ = {isa = PBXFileReference; lastKnownFileType = sourcecode.swift; path = KyleOSSchemaV3.swift; sourceTree = "<group>"; };
		522D786A6B687BD929FB976C /* QuickAddButton.swift */ = {isa = PBXFileReference; lastKnownFileType = sourcecode.swift; path = QuickAddButton.swift; sourceTree = "<group>"; };
		5A49DFCFB01F66015F55750C /* WorkTypeDefaultTests.swift */ = {isa = PBXFileReference; lastKnownFileType = sourcecode.swift; path = WorkTypeDefaultTests.swift; sourceTree = "<group>"; };
		5D8B75DB46A34A6FBEE83DB6 /* InterruptedSessionPrompt.swift */ = {isa = PBXFileReference; lastKnownFileType = sourcecode.swift; path = InterruptedSessionPrompt.swift; sourceTree = "<group>"; };
		5E07B579165EA51ACC58D342 /* SidebarSelection.swift */ = {isa = PBXFileReference; lastKnownFileType = sourcecode.swift; path = SidebarSelection.swift; sourceTree = "<group>"; };
		5E8D57D0B5B87CC2EEB0705D /* HomeView.swift */ = {isa = PBXFileReference; lastKnownFileType = sourcecode.swift; path = HomeView.swift; sourceTree = "<group>"; };
		660BC2802312A49BFFD14B72 /* KyleOSApp.swift */ = {isa = PBXFileReference; lastKnownFileType = sourcecode.swift; path = KyleOSApp.swift; sourceTree = "<group>"; };
		6E36C1CCEDB3BF41E4EDA309 /* KyleOSTests.xctest */ = {isa = PBXFileReference; explicitFileType = wrapper.cfbundle; includeInIndex = 0; path = KyleOSTests.xctest; sourceTree = BUILT_PRODUCTS_DIR; };
		76011B9ACA3397331B1A89A2 /* FileReferencePersistenceTests.swift */ = {isa = PBXFileReference; lastKnownFileType = sourcecode.swift; path = FileReferencePersistenceTests.swift; sourceTree = "<group>"; };
		80992EE52D8945F9ED5ED043 /* KyleOSSchemaV1.swift */ = {isa = PBXFileReference; lastKnownFileType = sourcecode.swift; path = KyleOSSchemaV1.swift; sourceTree = "<group>"; };
		82E659CA3986E4A2AF2FBDF9 /* BackupService.swift */ = {isa = PBXFileReference; lastKnownFileType = sourcecode.swift; path = BackupService.swift; sourceTree = "<group>"; };
		83F94DC097B024E09365AC92 /* DeadlineService.swift */ = {isa = PBXFileReference; lastKnownFileType = sourcecode.swift; path = DeadlineService.swift; sourceTree = "<group>"; };
		84B3BA434554B01740CD3773 /* PlannedSessionPersistenceTests.swift */ = {isa = PBXFileReference; lastKnownFileType = sourcecode.swift; path = PlannedSessionPersistenceTests.swift; sourceTree = "<group>"; };
		86BE4B502217DE2581E07FC7 /* ActiveTimerStateServiceTests.swift */ = {isa = PBXFileReference; lastKnownFileType = sourcecode.swift; path = ActiveTimerStateServiceTests.swift; sourceTree = "<group>"; };
		89B76BD0DA4E4676163DF711 /* HomeService.swift */ = {isa = PBXFileReference; lastKnownFileType = sourcecode.swift; path = HomeService.swift; sourceTree = "<group>"; };
		8CA19F98E82823FFD181FC3E /* AutosaveControllerTests.swift */ = {isa = PBXFileReference; lastKnownFileType = sourcecode.swift; path = AutosaveControllerTests.swift; sourceTree = "<group>"; };
		8D4ED11A26B0DF9FD2EEEB6C /* DevDestination.swift */ = {isa = PBXFileReference; lastKnownFileType = sourcecode.swift; path = DevDestination.swift; sourceTree = "<group>"; };
		8E0995BC51ECCA3979C67CA0 /* KyleOSSchemaV6.swift */ = {isa = PBXFileReference; lastKnownFileType = sourcecode.swift; path = KyleOSSchemaV6.swift; sourceTree = "<group>"; };
		9295A52D3460E8B4134E8348 /* CalendarEventPersistenceTests.swift */ = {isa = PBXFileReference; lastKnownFileType = sourcecode.swift; path = CalendarEventPersistenceTests.swift; sourceTree = "<group>"; };
		9D9A5C83517F88DE4D86E509 /* PlannedSessionService.swift */ = {isa = PBXFileReference; lastKnownFileType = sourcecode.swift; path = PlannedSessionService.swift; sourceTree = "<group>"; };
		9F7EA9D04BAF8F260ABCB478 /* FocusTimerController.swift */ = {isa = PBXFileReference; lastKnownFileType = sourcecode.swift; path = FocusTimerController.swift; sourceTree = "<group>"; };
		A2D1507C07C4A0E3C7F20FD1 /* KyleOSSchemaV7.swift */ = {isa = PBXFileReference; lastKnownFileType = sourcecode.swift; path = KyleOSSchemaV7.swift; sourceTree = "<group>"; };
		A5F48125DFC51F66E4372E9A /* CalendarEventService.swift */ = {isa = PBXFileReference; lastKnownFileType = sourcecode.swift; path = CalendarEventService.swift; sourceTree = "<group>"; };
		B3481CB5346116A1D3BAD6F3 /* WorkSessionPersistenceTests.swift */ = {isa = PBXFileReference; lastKnownFileType = sourcecode.swift; path = WorkSessionPersistenceTests.swift; sourceTree = "<group>"; };
		B8FD1115F8D5213BADF90347 /* ProjectPersistenceTests.swift */ = {isa = PBXFileReference; lastKnownFileType = sourcecode.swift; path = ProjectPersistenceTests.swift; sourceTree = "<group>"; };
		BB76812141269FB271CEAC48 /* FileReferenceService.swift */ = {isa = PBXFileReference; lastKnownFileType = sourcecode.swift; path = FileReferenceService.swift; sourceTree = "<group>"; };
		BC08B1D8915E0171514F5A14 /* ProjectService.swift */ = {isa = PBXFileReference; lastKnownFileType = sourcecode.swift; path = ProjectService.swift; sourceTree = "<group>"; };
		C3089150D20B0D789E6A972E /* CreativeCapacityServiceTests.swift */ = {isa = PBXFileReference; lastKnownFileType = sourcecode.swift; path = CreativeCapacityServiceTests.swift; sourceTree = "<group>"; };
		C55AAF6B60E824D48A2EA9D4 /* DocumentsDevView.swift */ = {isa = PBXFileReference; lastKnownFileType = sourcecode.swift; path = DocumentsDevView.swift; sourceTree = "<group>"; };
		C85EC140FD6AE6F09E20D82B /* SchemaMigrationTests.swift */ = {isa = PBXFileReference; lastKnownFileType = sourcecode.swift; path = SchemaMigrationTests.swift; sourceTree = "<group>"; };
		C8E2A04490A9F58FAEDB12C4 /* DeadlinePersistenceTests.swift */ = {isa = PBXFileReference; lastKnownFileType = sourcecode.swift; path = DeadlinePersistenceTests.swift; sourceTree = "<group>"; };
		CB2B8B128D9C7386AC5A6E6E /* PlaceholderDestinationView.swift */ = {isa = PBXFileReference; lastKnownFileType = sourcecode.swift; path = PlaceholderDestinationView.swift; sourceTree = "<group>"; };
		CB5A12EDF34A5FF515C0D8DA /* MonthCalendarServiceTests.swift */ = {isa = PBXFileReference; lastKnownFileType = sourcecode.swift; path = MonthCalendarServiceTests.swift; sourceTree = "<group>"; };
		CBE110981FB0F1F3ED6CDECD /* DocumentService.swift */ = {isa = PBXFileReference; lastKnownFileType = sourcecode.swift; path = DocumentService.swift; sourceTree = "<group>"; };
		CF80E0FBA836CD54DB5FE5B7 /* SettingsService.swift */ = {isa = PBXFileReference; lastKnownFileType = sourcecode.swift; path = SettingsService.swift; sourceTree = "<group>"; };
		D138354B6AD5EACAD0C3EBDB /* KyleOS.app */ = {isa = PBXFileReference; explicitFileType = wrapper.application; includeInIndex = 0; path = KyleOS.app; sourceTree = BUILT_PRODUCTS_DIR; };
		D1B7574EC24A9CFF1F43003B /* KyleOSMigrationPlan.swift */ = {isa = PBXFileReference; lastKnownFileType = sourcecode.swift; path = KyleOSMigrationPlan.swift; sourceTree = "<group>"; };
		D4FBF710F6D8D3B30ACFDBE6 /* TimerRecoveryServiceTests.swift */ = {isa = PBXFileReference; lastKnownFileType = sourcecode.swift; path = TimerRecoveryServiceTests.swift; sourceTree = "<group>"; };
		D73908F64313B9B846F20B7E /* KyleOSSchemaV5.swift */ = {isa = PBXFileReference; lastKnownFileType = sourcecode.swift; path = KyleOSSchemaV5.swift; sourceTree = "<group>"; };
		D9DBB03886DE8A4DF8268447 /* ProjectsDevView.swift */ = {isa = PBXFileReference; lastKnownFileType = sourcecode.swift; path = ProjectsDevView.swift; sourceTree = "<group>"; };
		DB94F8A6EA8F258C2656AF18 /* AllTasksView.swift */ = {isa = PBXFileReference; lastKnownFileType = sourcecode.swift; path = AllTasksView.swift; sourceTree = "<group>"; };
		DE75F1E6EC6B94BD983113C2 /* MonthCalendarView.swift */ = {isa = PBXFileReference; lastKnownFileType = sourcecode.swift; path = MonthCalendarView.swift; sourceTree = "<group>"; };
		DF53CB376ECB46AE2DF923C8 /* TimeFormatting.swift */ = {isa = PBXFileReference; lastKnownFileType = sourcecode.swift; path = TimeFormatting.swift; sourceTree = "<group>"; };
		E3522C8B1A80D72FCC6071D2 /* FocusTimerSessionLength.swift */ = {isa = PBXFileReference; lastKnownFileType = sourcecode.swift; path = FocusTimerSessionLength.swift; sourceTree = "<group>"; };
		EEBDA6AF784F5931DE830C5C /* CreativeCapacityService.swift */ = {isa = PBXFileReference; lastKnownFileType = sourcecode.swift; path = CreativeCapacityService.swift; sourceTree = "<group>"; };
		F070CFB1807E813ABCC7B7DE /* FinishSessionPrompt.swift */ = {isa = PBXFileReference; lastKnownFileType = sourcecode.swift; path = FinishSessionPrompt.swift; sourceTree = "<group>"; };
		F189C9D30A7D51AA679CB71F /* FocusTimerControllerTests.swift */ = {isa = PBXFileReference; lastKnownFileType = sourcecode.swift; path = FocusTimerControllerTests.swift; sourceTree = "<group>"; };
		F8F8DE3C067BF6A377085202 /* WorkSessionService.swift */ = {isa = PBXFileReference; lastKnownFileType = sourcecode.swift; path = WorkSessionService.swift; sourceTree = "<group>"; };
		F9409FDBA105077F901A54E6 /* KyleOSSchemaV2.swift */ = {isa = PBXFileReference; lastKnownFileType = sourcecode.swift; path = KyleOSSchemaV2.swift; sourceTree = "<group>"; };
		FF4013FEDF4F30E962B4F6F8 /* ActiveTimerStateService.swift */ = {isa = PBXFileReference; lastKnownFileType = sourcecode.swift; path = ActiveTimerStateService.swift; sourceTree = "<group>"; };
/* End PBXFileReference section */

/* Begin PBXGroup section */
		306C1E14E4185D79794F96AB /* Products */ = {
			isa = PBXGroup;
			children = (
				D138354B6AD5EACAD0C3EBDB /* KyleOS.app */,
				6E36C1CCEDB3BF41E4EDA309 /* KyleOSTests.xctest */,
			);
			name = Products;
			sourceTree = "<group>";
		};
		470145D068E0C700383140B1 /* KyleOS */ = {
			isa = PBXGroup;
			children = (
				308D27EF6CF8E299C7CFDFA5 /* Assets.xcassets */,
				660BC2802312A49BFFD14B72 /* KyleOSApp.swift */,
				640BABB0947FE9B124A8C7C6 /* Backup */,
				9E57D258F33CD5312EF25840 /* Dev */,
				D5631A907DD2B7D07AEC3EAA /* Domain */,
				CB7836209AAEC32AF2E04F48 /* Files */,
				F97409F31277AD6FBFBC126A /* Home */,
				474886536D11B067E057E2A1 /* Navigation */,
				A7E620E76C850162542CF1A2 /* Persistence */,
				B125041E446B6B3A03E34DDF /* Timer */,
			);
			path = KyleOS;
			sourceTree = "<group>";
		};
		474886536D11B067E057E2A1 /* Navigation */ = {
			isa = PBXGroup;
			children = (
				CB2B8B128D9C7386AC5A6E6E /* PlaceholderDestinationView.swift */,
				2245AF51F43F2E8BDD6097CC /* RootView.swift */,
				05C9B9B594B11A2A7AC4104F /* SidebarDestination.swift */,
				5E07B579165EA51ACC58D342 /* SidebarSelection.swift */,
			);
			path = Navigation;
			sourceTree = "<group>";
		};
		494A579CC52370BE20438831 /* KyleOSTests */ = {
			isa = PBXGroup;
			children = (
				86BE4B502217DE2581E07FC7 /* ActiveTimerStateServiceTests.swift */,
				8CA19F98E82823FFD181FC3E /* AutosaveControllerTests.swift */,
				108DAD9FC4FE4F4E840A624E /* BackupServiceTests.swift */,
				9295A52D3460E8B4134E8348 /* CalendarEventPersistenceTests.swift */,
				C3089150D20B0D789E6A972E /* CreativeCapacityServiceTests.swift */,
				C8E2A04490A9F58FAEDB12C4 /* DeadlinePersistenceTests.swift */,
				1930638958A5B521B00B4602 /* DocumentPersistenceTests.swift */,
				76011B9ACA3397331B1A89A2 /* FileReferencePersistenceTests.swift */,
				1CDF3891632379E2253D5659 /* FileReferenceResolverTests.swift */,
				F189C9D30A7D51AA679CB71F /* FocusTimerControllerTests.swift */,
				27D6194C1261A3FE3D72A7E0 /* HomeServiceTests.swift */,
				CB5A12EDF34A5FF515C0D8DA /* MonthCalendarServiceTests.swift */,
				84B3BA434554B01740CD3773 /* PlannedSessionPersistenceTests.swift */,
				B8FD1115F8D5213BADF90347 /* ProjectPersistenceTests.swift */,
				C85EC140FD6AE6F09E20D82B /* SchemaMigrationTests.swift */,
				044EB916F1D3748BB17E7B19 /* SettingsPersistenceTests.swift */,
				D4FBF710F6D8D3B30ACFDBE6 /* TimerRecoveryServiceTests.swift */,
				28E2E29688E5B60623EE4EC9 /* WorkItemPersistenceTests.swift */,
				B3481CB5346116A1D3BAD6F3 /* WorkSessionPersistenceTests.swift */,
				5A49DFCFB01F66015F55750C /* WorkTypeDefaultTests.swift */,
			);
			path = KyleOSTests;
			sourceTree = "<group>";
		};
		640BABB0947FE9B124A8C7C6 /* Backup */ = {
			isa = PBXGroup;
			children = (
				82E659CA3986E4A2AF2FBDF9 /* BackupService.swift */,
			);
			path = Backup;
			sourceTree = "<group>";
		};
		823E66977CD511037E73B53A /* Schema */ = {
			isa = PBXGroup;
			children = (
				D1B7574EC24A9CFF1F43003B /* KyleOSMigrationPlan.swift */,
				80992EE52D8945F9ED5ED043 /* KyleOSSchemaV1.swift */,
				F9409FDBA105077F901A54E6 /* KyleOSSchemaV2.swift */,
				4BB6349B022C048467D26575 /* KyleOSSchemaV3.swift */,
				1B255480A25BCDAF317BBD6F /* KyleOSSchemaV4.swift */,
				D73908F64313B9B846F20B7E /* KyleOSSchemaV5.swift */,
				8E0995BC51ECCA3979C67CA0 /* KyleOSSchemaV6.swift */,
				A2D1507C07C4A0E3C7F20FD1 /* KyleOSSchemaV7.swift */,
			);
			path = Schema;
			sourceTree = "<group>";
		};
		9E57D258F33CD5312EF25840 /* Dev */ = {
			isa = PBXGroup;
			children = (
				8D4ED11A26B0DF9FD2EEEB6C /* DevDestination.swift */,
				C55AAF6B60E824D48A2EA9D4 /* DocumentsDevView.swift */,
				D9DBB03886DE8A4DF8268447 /* ProjectsDevView.swift */,
			);
			path = Dev;
			sourceTree = "<group>";
		};
		A7E620E76C850162542CF1A2 /* Persistence */ = {
			isa = PBXGroup;
			children = (
				45B3013E975D2B4C19DAFE6A /* AutosaveController.swift */,
				1B06A23CAF9A33772891D1AA /* PersistenceController.swift */,
				823E66977CD511037E73B53A /* Schema */,
			);
			path = Persistence;
			sourceTree = "<group>";
		};
		B125041E446B6B3A03E34DDF /* Timer */ = {
			isa = PBXGroup;
			children = (
				FF4013FEDF4F30E962B4F6F8 /* ActiveTimerStateService.swift */,
				9F7EA9D04BAF8F260ABCB478 /* FocusTimerController.swift */,
				E3522C8B1A80D72FCC6071D2 /* FocusTimerSessionLength.swift */,
				252C0322C3D5A27BFED68814 /* TimerRecoveryService.swift */,
			);
			path = Timer;
			sourceTree = "<group>";
		};
		CB7836209AAEC32AF2E04F48 /* Files */ = {
			isa = PBXGroup;
			children = (
				06DE6D055396E31BDEFFBE3F /* FileReferenceResolver.swift */,
				BB76812141269FB271CEAC48 /* FileReferenceService.swift */,
			);
			path = Files;
			sourceTree = "<group>";
		};
		D5631A907DD2B7D07AEC3EAA /* Domain */ = {
			isa = PBXGroup;
			children = (
				A5F48125DFC51F66E4372E9A /* CalendarEventService.swift */,
				EEBDA6AF784F5931DE830C5C /* CreativeCapacityService.swift */,
				83F94DC097B024E09365AC92 /* DeadlineService.swift */,
				CBE110981FB0F1F3ED6CDECD /* DocumentService.swift */,
				89B76BD0DA4E4676163DF711 /* HomeService.swift */,
				3B329BF7E07F1430773368F9 /* MonthCalendarService.swift */,
				9D9A5C83517F88DE4D86E509 /* PlannedSessionService.swift */,
				BC08B1D8915E0171514F5A14 /* ProjectService.swift */,
				CF80E0FBA836CD54DB5FE5B7 /* SettingsService.swift */,
				0729CE85464C6F1BDF375A30 /* WorkItemService.swift */,
				F8F8DE3C067BF6A377085202 /* WorkSessionService.swift */,
				0E32DBF93F3191403E561ABD /* WorkTypeDefaultService.swift */,
			);
			path = Domain;
			sourceTree = "<group>";
		};
		F2AE1CBFA45459C708F55ED5 = {
			isa = PBXGroup;
			children = (
				470145D068E0C700383140B1 /* KyleOS */,
				494A579CC52370BE20438831 /* KyleOSTests */,
				306C1E14E4185D79794F96AB /* Products */,
			);
			sourceTree = "<group>";
		};
		F97409F31277AD6FBFBC126A /* Home */ = {
			isa = PBXGroup;
			children = (
				2A701BEF36396910E6ADA359 /* ActiveTimerBanner.swift */,
				DB94F8A6EA8F258C2656AF18 /* AllTasksView.swift */,
				1D7849258563EBED16DAA991 /* CreativeCapacityWidget.swift */,
				F070CFB1807E813ABCC7B7DE /* FinishSessionPrompt.swift */,
				5E8D57D0B5B87CC2EEB0705D /* HomeView.swift */,
				5D8B75DB46A34A6FBEE83DB6 /* InterruptedSessionPrompt.swift */,
				DE75F1E6EC6B94BD983113C2 /* MonthCalendarView.swift */,
				522D786A6B687BD929FB976C /* QuickAddButton.swift */,
				DF53CB376ECB46AE2DF923C8 /* TimeFormatting.swift */,
				23A80BB73FB22D7FB46E23D2 /* TodayItemCard.swift */,
			);
			path = Home;
			sourceTree = "<group>";
		};
/* End PBXGroup section */

/* Begin PBXNativeTarget section */
		224EDD2D0D5641749872F7CF /* KyleOSTests */ = {
			isa = PBXNativeTarget;
			buildConfigurationList = 3D129789F3C7DDD6C74A23F3 /* Build configuration list for PBXNativeTarget "KyleOSTests" */;
			buildPhases = (
				09094FE38E2C50A311332743 /* Sources */,
			);
			buildRules = (
			);
			dependencies = (
				54C34D42B33A8CEE2C974E1F /* PBXTargetDependency */,
			);
			name = KyleOSTests;
			packageProductDependencies = (
			);
			productName = KyleOSTests;
			productReference = 6E36C1CCEDB3BF41E4EDA309 /* KyleOSTests.xctest */;
			productType = "com.apple.product-type.bundle.unit-test";
		};
		67FC2C16D6369550C9FFC1C3 /* KyleOS */ = {
			isa = PBXNativeTarget;
			buildConfigurationList = C07A54E7890BDB7EEA2CB88B /* Build configuration list for PBXNativeTarget "KyleOS" */;
			buildPhases = (
				6A77DF79338FBA3E2ADEE17E /* Sources */,
				10455F7DC7DFAD7C3E9F13F4 /* Resources */,
			);
			buildRules = (
			);
			dependencies = (
			);
			name = KyleOS;
			packageProductDependencies = (
			);
			productName = KyleOS;
			productReference = D138354B6AD5EACAD0C3EBDB /* KyleOS.app */;
			productType = "com.apple.product-type.application";
		};
/* End PBXNativeTarget section */

/* Begin PBXProject section */
		253407720992904777E0ACFF /* Project object */ = {
			isa = PBXProject;
			attributes = {
				BuildIndependentTargetsInParallel = YES;
				LastUpgradeCheck = 1430;
				TargetAttributes = {
					224EDD2D0D5641749872F7CF = {
						DevelopmentTeam = "";
						ProvisioningStyle = Manual;
					};
					67FC2C16D6369550C9FFC1C3 = {
						DevelopmentTeam = "";
						ProvisioningStyle = Manual;
					};
				};
			};
			buildConfigurationList = 5FA547CD462DF5DB8F79A6F7 /* Build configuration list for PBXProject "KyleOS" */;
			developmentRegion = en;
			hasScannedForEncodings = 0;
			knownRegions = (
				Base,
				en,
			);
			mainGroup = F2AE1CBFA45459C708F55ED5;
			minimizedProjectReferenceProxies = 1;
			preferredProjectObjectVersion = 77;
			productRefGroup = 306C1E14E4185D79794F96AB /* Products */;
			projectDirPath = "";
			projectRoot = "";
			targets = (
				67FC2C16D6369550C9FFC1C3 /* KyleOS */,
				224EDD2D0D5641749872F7CF /* KyleOSTests */,
			);
		};
/* End PBXProject section */

/* Begin PBXResourcesBuildPhase section */
		10455F7DC7DFAD7C3E9F13F4 /* Resources */ = {
			isa = PBXResourcesBuildPhase;
			buildActionMask = 2147483647;
			files = (
				ECCA840DA9EB0FA44B181C8F /* Assets.xcassets in Resources */,
			);
			runOnlyForDeploymentPostprocessing = 0;
		};
/* End PBXResourcesBuildPhase section */

/* Begin PBXSourcesBuildPhase section */
		09094FE38E2C50A311332743 /* Sources */ = {
			isa = PBXSourcesBuildPhase;
			buildActionMask = 2147483647;
			files = (
				13BA1AFF32FC2D756B9A4B79 /* ActiveTimerStateServiceTests.swift in Sources */,
				28413DC38795D2B932C96C3E /* AutosaveControllerTests.swift in Sources */,
				42B0EE108DE419C0422D2647 /* BackupServiceTests.swift in Sources */,
				C7807F04607820B381461221 /* CalendarEventPersistenceTests.swift in Sources */,
				3DD45C7F77162800F3F64B22 /* CreativeCapacityServiceTests.swift in Sources */,
				BF4E02803CE746CA71D0EF8E /* DeadlinePersistenceTests.swift in Sources */,
				1865E473DFE6B7569208F40F /* DocumentPersistenceTests.swift in Sources */,
				F1FB21DD03B2DEB7FDD60265 /* FileReferencePersistenceTests.swift in Sources */,
				B9FC67F714FAEC4F64B4E9B8 /* FileReferenceResolverTests.swift in Sources */,
				56C54A78A73CFBB8F6C8F4AE /* FocusTimerControllerTests.swift in Sources */,
				611611949E3B2EC9139C40ED /* HomeServiceTests.swift in Sources */,
				2F877317691F404F62173786 /* MonthCalendarServiceTests.swift in Sources */,
				6E82854BA860A44FC52ADF4B /* PlannedSessionPersistenceTests.swift in Sources */,
				852BCD04B279CAA3026AE16E /* ProjectPersistenceTests.swift in Sources */,
				193BFDC22D0970FE9568FCB8 /* SchemaMigrationTests.swift in Sources */,
				020CF879657DF8764DF89FD9 /* SettingsPersistenceTests.swift in Sources */,
				3F24A4975186AE59CB1B33CC /* TimerRecoveryServiceTests.swift in Sources */,
				5D9E935642D80AD91D348AEB /* WorkItemPersistenceTests.swift in Sources */,
				41AF7B59D6DDB36B4A047DD3 /* WorkSessionPersistenceTests.swift in Sources */,
				9B03B114A4232F96339A7151 /* WorkTypeDefaultTests.swift in Sources */,
			);
			runOnlyForDeploymentPostprocessing = 0;
		};
		6A77DF79338FBA3E2ADEE17E /* Sources */ = {
			isa = PBXSourcesBuildPhase;
			buildActionMask = 2147483647;
			files = (
				C05EA5601A5BFEE75C50BC2F /* ActiveTimerBanner.swift in Sources */,
				FC29E516C999040BC1966962 /* ActiveTimerStateService.swift in Sources */,
				F3674B5F4ED317D2A104484A /* AllTasksView.swift in Sources */,
				C3E1E810E12DFEBA0EDB15C1 /* AutosaveController.swift in Sources */,
				EC3FE050D3D76369D0611A36 /* BackupService.swift in Sources */,
				29C6E15AFDC4C5B8F9EB6D8A /* CalendarEventService.swift in Sources */,
				2F99D8B063AA1EF887DCB910 /* CreativeCapacityService.swift in Sources */,
				80EAE83E7EE0097A2D6CF202 /* CreativeCapacityWidget.swift in Sources */,
				415DEECE4EAFDC406A72FE31 /* DeadlineService.swift in Sources */,
				2C4C20D033B8188804289DC1 /* DevDestination.swift in Sources */,
				B97F7A629A30E355726229FE /* DocumentService.swift in Sources */,
				0CC9DBEDD583A50ECB4D2F71 /* DocumentsDevView.swift in Sources */,
				22B73189D6C93F99B7E0DF4C /* FileReferenceResolver.swift in Sources */,
				12A8B2FBB431ED4C58C0575C /* FileReferenceService.swift in Sources */,
				353166ABFBF7406F5F3F015A /* FinishSessionPrompt.swift in Sources */,
				0832C630D3538FB41F166A6E /* FocusTimerController.swift in Sources */,
				156B71C7DA166DB15A6924FE /* FocusTimerSessionLength.swift in Sources */,
				032F27B6F17FC59CC368A23E /* HomeService.swift in Sources */,
				F76C9254BED6894DDA2CA598 /* HomeView.swift in Sources */,
				2191A8BC94600CCDB692576C /* InterruptedSessionPrompt.swift in Sources */,
				67825D03AECE7E108CB084CB /* KyleOSApp.swift in Sources */,
				3F165D1B067D4E3A55FE90F4 /* KyleOSMigrationPlan.swift in Sources */,
				66D7AC0F90542379089813AF /* KyleOSSchemaV1.swift in Sources */,
				F4B6740698EDB8B40863C372 /* KyleOSSchemaV2.swift in Sources */,
				3DE0507395F04E08EA2620EA /* KyleOSSchemaV3.swift in Sources */,
				98254136A92BEDF6CBB2FEBE /* KyleOSSchemaV4.swift in Sources */,
				2A7D59E3757D548B871DA798 /* KyleOSSchemaV5.swift in Sources */,
				8AC7B4F94D5A982E5A7F2A05 /* KyleOSSchemaV6.swift in Sources */,
				D3E04B6C451A896E257D3E33 /* KyleOSSchemaV7.swift in Sources */,
				E11770EA10A8A94105FD80B4 /* MonthCalendarService.swift in Sources */,
				947EEEDC9171C7BDE07C1A19 /* MonthCalendarView.swift in Sources */,
				BAA475ADD778F8EDEFE594FF /* PersistenceController.swift in Sources */,
				F2E8144028E4FCC941D1F75E /* PlaceholderDestinationView.swift in Sources */,
				E832ACA1B33B82DDE5D13C33 /* PlannedSessionService.swift in Sources */,
				01134AAB63A71C8DA242A66C /* ProjectService.swift in Sources */,
				BD2BB791E75391AFCD5A2349 /* ProjectsDevView.swift in Sources */,
				F08983CA4E1FF053BD29A2F0 /* QuickAddButton.swift in Sources */,
				680ED53C1E3989CD253F4950 /* RootView.swift in Sources */,
				EE1121035BD1D6358A302B79 /* SettingsService.swift in Sources */,
				8B8FEC497EB9B5D9EF2376E6 /* SidebarDestination.swift in Sources */,
				A5B10545D2035CB9E2499AF5 /* SidebarSelection.swift in Sources */,
				B06008B8DC9529C5D92122C2 /* TimeFormatting.swift in Sources */,
				ADE256727B597B171F59EB5E /* TimerRecoveryService.swift in Sources */,
				12A2398EC9AF8FEED6F29653 /* TodayItemCard.swift in Sources */,
				C0495A8136146413B39B9E82 /* WorkItemService.swift in Sources */,
				8AA271F45558077C103A36ED /* WorkSessionService.swift in Sources */,
				4874182D08BB3DF20BEA4063 /* WorkTypeDefaultService.swift in Sources */,
			);
			runOnlyForDeploymentPostprocessing = 0;
		};
/* End PBXSourcesBuildPhase section */

/* Begin PBXTargetDependency section */
		54C34D42B33A8CEE2C974E1F /* PBXTargetDependency */ = {
			isa = PBXTargetDependency;
			target = 67FC2C16D6369550C9FFC1C3 /* KyleOS */;
			targetProxy = D823DDED99CDB599EFD68777 /* PBXContainerItemProxy */;
		};
/* End PBXTargetDependency section */

/* Begin XCBuildConfiguration section */
		2530525DCD54DAB50BDF3FF6 /* Release */ = {
			isa = XCBuildConfiguration;
			buildSettings = {
				BUNDLE_LOADER = "$(TEST_HOST)";
				COMBINE_HIDPI_IMAGES = YES;
				GENERATE_INFOPLIST_FILE = YES;
				LD_RUNPATH_SEARCH_PATHS = (
					"$(inherited)",
					"@executable_path/../Frameworks",
					"@loader_path/../Frameworks",
				);
				MACOSX_DEPLOYMENT_TARGET = 14.0;
				PRODUCT_BUNDLE_IDENTIFIER = com.kylepatan.KyleOSTests;
				SDKROOT = macosx;
				TEST_HOST = "$(BUILT_PRODUCTS_DIR)/KyleOS.app/Contents/MacOS/KyleOS";
			};
			name = Release;
		};
		B43091D75A7CD2B15931478C /* Debug */ = {
			isa = XCBuildConfiguration;
			buildSettings = {
				ALWAYS_SEARCH_USER_PATHS = NO;
				CLANG_ANALYZER_NONNULL = YES;
				CLANG_ANALYZER_NUMBER_OBJECT_CONVERSION = YES_AGGRESSIVE;
				CLANG_CXX_LANGUAGE_STANDARD = "gnu++14";
				CLANG_CXX_LIBRARY = "libc++";
				CLANG_ENABLE_MODULES = YES;
				CLANG_ENABLE_OBJC_ARC = YES;
				CLANG_ENABLE_OBJC_WEAK = YES;
				CLANG_WARN_BLOCK_CAPTURE_AUTORELEASING = YES;
				CLANG_WARN_BOOL_CONVERSION = YES;
				CLANG_WARN_COMMA = YES;
				CLANG_WARN_CONSTANT_CONVERSION = YES;
				CLANG_WARN_DEPRECATED_OBJC_IMPLEMENTATIONS = YES;
				CLANG_WARN_DIRECT_OBJC_ISA_USAGE = YES_ERROR;
				CLANG_WARN_DOCUMENTATION_COMMENTS = YES;
				CLANG_WARN_EMPTY_BODY = YES;
				CLANG_WARN_ENUM_CONVERSION = YES;
				CLANG_WARN_INFINITE_RECURSION = YES;
				CLANG_WARN_INT_CONVERSION = YES;
				CLANG_WARN_NON_LITERAL_NULL_CONVERSION = YES;
				CLANG_WARN_OBJC_IMPLICIT_RETAIN_SELF = YES;
				CLANG_WARN_OBJC_LITERAL_CONVERSION = YES;
				CLANG_WARN_OBJC_ROOT_CLASS = YES_ERROR;
				CLANG_WARN_QUOTED_INCLUDE_IN_FRAMEWORK_HEADER = YES;
				CLANG_WARN_RANGE_LOOP_ANALYSIS = YES;
				CLANG_WARN_STRICT_PROTOTYPES = YES;
				CLANG_WARN_SUSPICIOUS_MOVE = YES;
				CLANG_WARN_UNGUARDED_AVAILABILITY = YES_AGGRESSIVE;
				CLANG_WARN_UNREACHABLE_CODE = YES;
				CLANG_WARN__DUPLICATE_METHOD_MATCH = YES;
				CODE_SIGN_IDENTITY = "-";
				CODE_SIGN_STYLE = Manual;
				COPY_PHASE_STRIP = NO;
				DEBUG_INFORMATION_FORMAT = dwarf;
				DEVELOPMENT_TEAM = "";
				ENABLE_STRICT_OBJC_MSGSEND = YES;
				ENABLE_TESTABILITY = YES;
				GCC_C_LANGUAGE_STANDARD = gnu11;
				GCC_DYNAMIC_NO_PIC = NO;
				GCC_NO_COMMON_BLOCKS = YES;
				GCC_OPTIMIZATION_LEVEL = 0;
				GCC_PREPROCESSOR_DEFINITIONS = (
					"$(inherited)",
					"DEBUG=1",
				);
				GCC_WARN_64_TO_32_BIT_CONVERSION = YES;
				GCC_WARN_ABOUT_RETURN_TYPE = YES_ERROR;
				GCC_WARN_UNDECLARED_SELECTOR = YES;
				GCC_WARN_UNINITIALIZED_AUTOS = YES_AGGRESSIVE;
				GCC_WARN_UNUSED_FUNCTION = YES;
				GCC_WARN_UNUSED_VARIABLE = YES;
				MACOSX_DEPLOYMENT_TARGET = 14.0;
				MTL_ENABLE_DEBUG_INFO = INCLUDE_SOURCE;
				MTL_FAST_MATH = YES;
				ONLY_ACTIVE_ARCH = YES;
				PRODUCT_NAME = "$(TARGET_NAME)";
				SDKROOT = macosx;
				SWIFT_ACTIVE_COMPILATION_CONDITIONS = DEBUG;
				SWIFT_OPTIMIZATION_LEVEL = "-Onone";
				SWIFT_VERSION = 5.0;
			};
			name = Debug;
		};
		BEB3D998AB1823409B840A6F /* Debug */ = {
			isa = XCBuildConfiguration;
			buildSettings = {
				ASSETCATALOG_COMPILER_APPICON_NAME = AppIcon;
				COMBINE_HIDPI_IMAGES = YES;
				CURRENT_PROJECT_VERSION = 1;
				GENERATE_INFOPLIST_FILE = YES;
				INFOPLIST_KEY_NSHumanReadableCopyright = "";
				LD_RUNPATH_SEARCH_PATHS = (
					"$(inherited)",
					"@executable_path/../Frameworks",
				);
				MACOSX_DEPLOYMENT_TARGET = 14.0;
				MARKETING_VERSION = 0.1.0;
				PRODUCT_BUNDLE_IDENTIFIER = com.kylepatan.KyleOS;
				SDKROOT = macosx;
			};
			name = Debug;
		};
		D193F390245D3B82312B165F /* Release */ = {
			isa = XCBuildConfiguration;
			buildSettings = {
				ASSETCATALOG_COMPILER_APPICON_NAME = AppIcon;
				COMBINE_HIDPI_IMAGES = YES;
				CURRENT_PROJECT_VERSION = 1;
				GENERATE_INFOPLIST_FILE = YES;
				INFOPLIST_KEY_NSHumanReadableCopyright = "";
				LD_RUNPATH_SEARCH_PATHS = (
					"$(inherited)",
					"@executable_path/../Frameworks",
				);
				MACOSX_DEPLOYMENT_TARGET = 14.0;
				MARKETING_VERSION = 0.1.0;
				PRODUCT_BUNDLE_IDENTIFIER = com.kylepatan.KyleOS;
				SDKROOT = macosx;
			};
			name = Release;
		};
		ED0E0D298D71B15DC45BDB77 /* Debug */ = {
			isa = XCBuildConfiguration;
			buildSettings = {
				BUNDLE_LOADER = "$(TEST_HOST)";
				COMBINE_HIDPI_IMAGES = YES;
				GENERATE_INFOPLIST_FILE = YES;
				LD_RUNPATH_SEARCH_PATHS = (
					"$(inherited)",
					"@executable_path/../Frameworks",
					"@loader_path/../Frameworks",
				);
				MACOSX_DEPLOYMENT_TARGET = 14.0;
				PRODUCT_BUNDLE_IDENTIFIER = com.kylepatan.KyleOSTests;
				SDKROOT = macosx;
				TEST_HOST = "$(BUILT_PRODUCTS_DIR)/KyleOS.app/Contents/MacOS/KyleOS";
			};
			name = Debug;
		};
		EE0B55A1B3E6B27A735BA73D /* Release */ = {
			isa = XCBuildConfiguration;
			buildSettings = {
				ALWAYS_SEARCH_USER_PATHS = NO;
				CLANG_ANALYZER_NONNULL = YES;
				CLANG_ANALYZER_NUMBER_OBJECT_CONVERSION = YES_AGGRESSIVE;
				CLANG_CXX_LANGUAGE_STANDARD = "gnu++14";
				CLANG_CXX_LIBRARY = "libc++";
				CLANG_ENABLE_MODULES = YES;
				CLANG_ENABLE_OBJC_ARC = YES;
				CLANG_ENABLE_OBJC_WEAK = YES;
				CLANG_WARN_BLOCK_CAPTURE_AUTORELEASING = YES;
				CLANG_WARN_BOOL_CONVERSION = YES;
				CLANG_WARN_COMMA = YES;
				CLANG_WARN_CONSTANT_CONVERSION = YES;
				CLANG_WARN_DEPRECATED_OBJC_IMPLEMENTATIONS = YES;
				CLANG_WARN_DIRECT_OBJC_ISA_USAGE = YES_ERROR;
				CLANG_WARN_DOCUMENTATION_COMMENTS = YES;
				CLANG_WARN_EMPTY_BODY = YES;
				CLANG_WARN_ENUM_CONVERSION = YES;
				CLANG_WARN_INFINITE_RECURSION = YES;
				CLANG_WARN_INT_CONVERSION = YES;
				CLANG_WARN_NON_LITERAL_NULL_CONVERSION = YES;
				CLANG_WARN_OBJC_IMPLICIT_RETAIN_SELF = YES;
				CLANG_WARN_OBJC_LITERAL_CONVERSION = YES;
				CLANG_WARN_OBJC_ROOT_CLASS = YES_ERROR;
				CLANG_WARN_QUOTED_INCLUDE_IN_FRAMEWORK_HEADER = YES;
				CLANG_WARN_RANGE_LOOP_ANALYSIS = YES;
				CLANG_WARN_STRICT_PROTOTYPES = YES;
				CLANG_WARN_SUSPICIOUS_MOVE = YES;
				CLANG_WARN_UNGUARDED_AVAILABILITY = YES_AGGRESSIVE;
				CLANG_WARN_UNREACHABLE_CODE = YES;
				CLANG_WARN__DUPLICATE_METHOD_MATCH = YES;
				CODE_SIGN_IDENTITY = "-";
				CODE_SIGN_STYLE = Manual;
				COPY_PHASE_STRIP = NO;
				DEBUG_INFORMATION_FORMAT = "dwarf-with-dsym";
				DEVELOPMENT_TEAM = "";
				ENABLE_NS_ASSERTIONS = NO;
				ENABLE_STRICT_OBJC_MSGSEND = YES;
				GCC_C_LANGUAGE_STANDARD = gnu11;
				GCC_NO_COMMON_BLOCKS = YES;
				GCC_WARN_64_TO_32_BIT_CONVERSION = YES;
				GCC_WARN_ABOUT_RETURN_TYPE = YES_ERROR;
				GCC_WARN_UNDECLARED_SELECTOR = YES;
				GCC_WARN_UNINITIALIZED_AUTOS = YES_AGGRESSIVE;
				GCC_WARN_UNUSED_FUNCTION = YES;
				GCC_WARN_UNUSED_VARIABLE = YES;
				MACOSX_DEPLOYMENT_TARGET = 14.0;
				MTL_ENABLE_DEBUG_INFO = NO;
				MTL_FAST_MATH = YES;
				PRODUCT_NAME = "$(TARGET_NAME)";
				SDKROOT = macosx;
				SWIFT_COMPILATION_MODE = wholemodule;
				SWIFT_OPTIMIZATION_LEVEL = "-O";
				SWIFT_VERSION = 5.0;
			};
			name = Release;
		};
/* End XCBuildConfiguration section */

/* Begin XCConfigurationList section */
		3D129789F3C7DDD6C74A23F3 /* Build configuration list for PBXNativeTarget "KyleOSTests" */ = {
			isa = XCConfigurationList;
			buildConfigurations = (
				ED0E0D298D71B15DC45BDB77 /* Debug */,
				2530525DCD54DAB50BDF3FF6 /* Release */,
			);
			defaultConfigurationIsVisible = 0;
			defaultConfigurationName = Debug;
		};
		5FA547CD462DF5DB8F79A6F7 /* Build configuration list for PBXProject "KyleOS" */ = {
			isa = XCConfigurationList;
			buildConfigurations = (
				B43091D75A7CD2B15931478C /* Debug */,
				EE0B55A1B3E6B27A735BA73D /* Release */,
			);
			defaultConfigurationIsVisible = 0;
			defaultConfigurationName = Debug;
		};
		C07A54E7890BDB7EEA2CB88B /* Build configuration list for PBXNativeTarget "KyleOS" */ = {
			isa = XCConfigurationList;
			buildConfigurations = (
				BEB3D998AB1823409B840A6F /* Debug */,
				D193F390245D3B82312B165F /* Release */,
			);
			defaultConfigurationIsVisible = 0;
			defaultConfigurationName = Debug;
		};
/* End XCConfigurationList section */
	};
	rootObject = 253407720992904777E0ACFF /* Project object */;
}
