// !$*UTF8*$!
{
	archiveVersion = 1;
	classes = {
	};
	objectVersion = 56;
	objects = {

/* Begin PBXBuildFile section */
		01134AAB63A71C8DA242A66C /* ProjectService.swift in Sources */ = {isa = PBXBuildFile; fileRef = BC08B1D8915E0171514F5A14 /* ProjectService.swift */; };
		020CF879657DF8764DF89FD9 /* SettingsPersistenceTests.swift in Sources */ = {isa = PBXBuildFile; fileRef = 044EB916F1D3748BB17E7B19 /* SettingsPersistenceTests.swift */; };
		032F27B6F17FC59CC368A23E /* HomeService.swift in Sources */ = {isa = PBXBuildFile; fileRef = 89B76BD0DA4E4676163DF711 /* HomeService.swift */; };
		03D44179E2B16A921189478E /* ExportServiceTests.swift in Sources */ = {isa = PBXBuildFile; fileRef = 39082292F413B0865540E801 /* ExportServiceTests.swift */; };
		0563882F5E5EFE36B6108D4E /* KyleOSSchemaV15.swift in Sources */ = {isa = PBXBuildFile; fileRef = DF2BA7F9F4820A38C7132875 /* KyleOSSchemaV15.swift */; };
		082D48916634694CA25E04B8 /* ChunkServiceTests.swift in Sources */ = {isa = PBXBuildFile; fileRef = A343326ABA806B7ED4EE3C44 /* ChunkServiceTests.swift */; };
		0832C630D3538FB41F166A6E /* FocusTimerController.swift in Sources */ = {isa = PBXBuildFile; fileRef = 9F7EA9D04BAF8F260ABCB478 /* FocusTimerController.swift */; };
		0CC9DBEDD583A50ECB4D2F71 /* DocumentsDevView.swift in Sources */ = {isa = PBXBuildFile; fileRef = C55AAF6B60E824D48A2EA9D4 /* DocumentsDevView.swift */; };
		0D049C85D7308F2E05E3C986 /* GigSetListServiceTests.swift in Sources */ = {isa = PBXBuildFile; fileRef = B38C3303FCAF9339CEE93C68 /* GigSetListServiceTests.swift */; };
		12A2398EC9AF8FEED6F29653 /* TodayItemCard.swift in Sources */ = {isa = PBXBuildFile; fileRef = 23A80BB73FB22D7FB46E23D2 /* TodayItemCard.swift */; };
		12A8B2FBB431ED4C58C0575C /* FileReferenceService.swift in Sources */ = {isa = PBXBuildFile; fileRef = BB76812141269FB271CEAC48 /* FileReferenceService.swift */; };
		13BA1AFF32FC2D756B9A4B79 /* ActiveTimerStateServiceTests.swift in Sources */ = {isa = PBXBuildFile; fileRef = 86BE4B502217DE2581E07FC7 /* ActiveTimerStateServiceTests.swift */; };
		156B71C7DA166DB15A6924FE /* FocusTimerSessionLength.swift in Sources */ = {isa = PBXBuildFile; fileRef = E3522C8B1A80D72FCC6071D2 /* FocusTimerSessionLength.swift */; };
		1865E473DFE6B7569208F40F /* DocumentPersistenceTests.swift in Sources */ = {isa = PBXBuildFile; fileRef = 1930638958A5B521B00B4602 /* DocumentPersistenceTests.swift */; };
		193BFDC22D0970FE9568FCB8 /* SchemaMigrationTests.swift in Sources */ = {isa = PBXBuildFile; fileRef = C85EC140FD6AE6F09E20D82B /* SchemaMigrationTests.swift */; };
		1FF02EF22480DAAFC3822B24 /* JokeServiceTests.swift in Sources */ = {isa = PBXBuildFile; fileRef = F63FAD47486D7938941B1EAE /* JokeServiceTests.swift */; };
		20BFEEC1289658640EFCC20C /* NewWritingProjectSheet.swift in Sources */ = {isa = PBXBuildFile; fileRef = 849994C0589224C7D03A863E /* NewWritingProjectSheet.swift */; };
		2191A8BC94600CCDB692576C /* InterruptedSessionPrompt.swift in Sources */ = {isa = PBXBuildFile; fileRef = 5D8B75DB46A34A6FBEE83DB6 /* InterruptedSessionPrompt.swift */; };
		22B73189D6C93F99B7E0DF4C /* FileReferenceResolver.swift in Sources */ = {isa = PBXBuildFile; fileRef = 06DE6D055396E31BDEFFBE3F /* FileReferenceResolver.swift */; };
		22EDC9BB071ADAB7D676A14A /* StandUpHomeView.swift in Sources */ = {isa = PBXBuildFile; fileRef = C666739B8DC9F109621A875F /* StandUpHomeView.swift */; };
		23BF84EE1A9C948F49E12B63 /* KyleOSSchemaV16.swift in Sources */ = {isa = PBXBuildFile; fileRef = AB5781A1BEB14219FA2CC9B6 /* KyleOSSchemaV16.swift */; };
		243CF232F0A678D058CEE3B4 /* ExportService.swift in Sources */ = {isa = PBXBuildFile; fileRef = A9B05BC00F9041DA41AA5E74 /* ExportService.swift */; };
		252B55FA286040385CE319DF /* ScriptBlockServiceTests.swift in Sources */ = {isa = PBXBuildFile; fileRef = 0BDD98234E1607C97ADCA2D0 /* ScriptBlockServiceTests.swift */; };
		25948435255141F199AC1872 /* KyleOSSchemaV19.swift in Sources */ = {isa = PBXBuildFile; fileRef = 52C1E2002E8E7AB58A5BF689 /* KyleOSSchemaV19.swift */; };
		28413DC38795D2B932C96C3E /* AutosaveControllerTests.swift in Sources */ = {isa = PBXBuildFile; fileRef = 8CA19F98E82823FFD181FC3E /* AutosaveControllerTests.swift */; };
		29C6E15AFDC4C5B8F9EB6D8A /* CalendarEventService.swift in Sources */ = {isa = PBXBuildFile; fileRef = A5F48125DFC51F66E4372E9A /* CalendarEventService.swift */; };
		2A7D59E3757D548B871DA798 /* KyleOSSchemaV5.swift in Sources */ = {isa = PBXBuildFile; fileRef = D73908F64313B9B846F20B7E /* KyleOSSchemaV5.swift */; };
		2BAABA3A1CFB7F9AF5676567 /* JokeService.swift in Sources */ = {isa = PBXBuildFile; fileRef = E02CA4026D19A121892F2FB4 /* JokeService.swift */; };
		2C4C20D033B8188804289DC1 /* DevDestination.swift in Sources */ = {isa = PBXBuildFile; fileRef = 8D4ED11A26B0DF9FD2EEEB6C /* DevDestination.swift */; };
		2EFE655F08CE1F07A301CB0A /* SourceServiceTests.swift in Sources */ = {isa = PBXBuildFile; fileRef = 42C5CDBE46872A0E0FD33CD8 /* SourceServiceTests.swift */; };
		2F877317691F404F62173786 /* MonthCalendarServiceTests.swift in Sources */ = {isa = PBXBuildFile; fileRef = CB5A12EDF34A5FF515C0D8DA /* MonthCalendarServiceTests.swift */; };
		2F99D8B063AA1EF887DCB910 /* CreativeCapacityService.swift in Sources */ = {isa = PBXBuildFile; fileRef = EEBDA6AF784F5931DE830C5C /* CreativeCapacityService.swift */; };
		324E98AEE069C37398B76F62 /* KyleOSSchemaV11.swift in Sources */ = {isa = PBXBuildFile; fileRef = E025BCBDB4BAC1888B4038AF /* KyleOSSchemaV11.swift */; };
		353166ABFBF7406F5F3F015A /* FinishSessionPrompt.swift in Sources */ = {isa = PBXBuildFile; fileRef = F070CFB1807E813ABCC7B7DE /* FinishSessionPrompt.swift */; };
		3C7F0095F6F48B0151C709BC /* WritingRoute.swift in Sources */ = {isa = PBXBuildFile; fileRef = 9C03488FFD5B66DD40893E94 /* WritingRoute.swift */; };
		3DD45C7F77162800F3F64B22 /* CreativeCapacityServiceTests.swift in Sources */ = {isa = PBXBuildFile; fileRef = C3089150D20B0D789E6A972E /* CreativeCapacityServiceTests.swift */; };
		3DE0507395F04E08EA2620EA /* KyleOSSchemaV3.swift in Sources */ = {isa = PBXBuildFile; fileRef = 4BB6349B022C048467D26575 /* KyleOSSchemaV3.swift */; };
		3F165D1B067D4E3A55FE90F4 /* KyleOSMigrationPlan.swift in Sources */ = {isa = PBXBuildFile; fileRef = D1B7574EC24A9CFF1F43003B /* KyleOSMigrationPlan.swift */; };
		3F24A4975186AE59CB1B33CC /* TimerRecoveryServiceTests.swift in Sources */ = {isa = PBXBuildFile; fileRef = D4FBF710F6D8D3B30ACFDBE6 /* TimerRecoveryServiceTests.swift */; };
		415DEECE4EAFDC406A72FE31 /* DeadlineService.swift in Sources */ = {isa = PBXBuildFile; fileRef = 83F94DC097B024E09365AC92 /* DeadlineService.swift */; };
		41AF7B59D6DDB36B4A047DD3 /* WorkSessionPersistenceTests.swift in Sources */ = {isa = PBXBuildFile; fileRef = B3481CB5346116A1D3BAD6F3 /* WorkSessionPersistenceTests.swift */; };
		42B0EE108DE419C0422D2647 /* BackupServiceTests.swift in Sources */ = {isa = PBXBuildFile; fileRef = 108DAD9FC4FE4F4E840A624E /* BackupServiceTests.swift */; };
		4874182D08BB3DF20BEA4063 /* WorkTypeDefaultService.swift in Sources */ = {isa = PBXBuildFile; fileRef = 0E32DBF93F3191403E561ABD /* WorkTypeDefaultService.swift */; };
		4B3F645A29DCE8288131A11E /* GigListView.swift in Sources */ = {isa = PBXBuildFile; fileRef = 2F6D90F7A3C6A6A11FB8B049 /* GigListView.swift */; };
		4F49008AA051E5D5491A9152 /* ActService.swift in Sources */ = {isa = PBXBuildFile; fileRef = 8699CAAF2060D7228C0250A7 /* ActService.swift */; };
		4F549DD9DBF6200C9B21F2CA /* HeadlineSetServiceTests.swift in Sources */ = {isa = PBXBuildFile; fileRef = 781934EE652133130E41CD12 /* HeadlineSetServiceTests.swift */; };
		56C54A78A73CFBB8F6C8F4AE /* FocusTimerControllerTests.swift in Sources */ = {isa = PBXBuildFile; fileRef = F189C9D30A7D51AA679CB71F /* FocusTimerControllerTests.swift */; };
		5787E7930CD832EEDD0B609B /* ActOutlineView.swift in Sources */ = {isa = PBXBuildFile; fileRef = 19607CC2ADCAD7D10A5947BE /* ActOutlineView.swift */; };
		5D9E935642D80AD91D348AEB /* WorkItemPersistenceTests.swift in Sources */ = {isa = PBXBuildFile; fileRef = 28E2E29688E5B60623EE4EC9 /* WorkItemPersistenceTests.swift */; };
		611611949E3B2EC9139C40ED /* HomeServiceTests.swift in Sources */ = {isa = PBXBuildFile; fileRef = 27D6194C1261A3FE3D72A7E0 /* HomeServiceTests.swift */; };
		6168E5CFD9E3E1C4CCF00406 /* KyleOSSchemaV13.swift in Sources */ = {isa = PBXBuildFile; fileRef = 6B68DEC0BEF33FE863171FE2 /* KyleOSSchemaV13.swift */; };
		62EDCD61FE258B4E58A006D2 /* SceneListView.swift in Sources */ = {isa = PBXBuildFile; fileRef = 85DC9236620E3CC2F2D17E65 /* SceneListView.swift */; };
		66D7AC0F90542379089813AF /* KyleOSSchemaV1.swift in Sources */ = {isa = PBXBuildFile; fileRef = 80992EE52D8945F9ED5ED043 /* KyleOSSchemaV1.swift */; };
		67825D03AECE7E108CB084CB /* KyleOSApp.swift in Sources */ = {isa = PBXBuildFile; fileRef = 660BC2802312A49BFFD14B72 /* KyleOSApp.swift */; };
		680ED53C1E3989CD253F4950 /* RootView.swift in Sources */ = {isa = PBXBuildFile; fileRef = 2245AF51F43F2E8BDD6097CC /* RootView.swift */; };
		6DE59BBBE51A8C5957B05109 /* JokeBoardView.swift in Sources */ = {isa = PBXBuildFile; fileRef = 20C969DBFA6EDB51C379E79F /* JokeBoardView.swift */; };
		6E82854BA860A44FC52ADF4B /* PlannedSessionPersistenceTests.swift in Sources */ = {isa = PBXBuildFile; fileRef = 84B3BA434554B01740CD3773 /* PlannedSessionPersistenceTests.swift */; };
		742723E6DAA4881509D6D5DB /* GigService.swift in Sources */ = {isa = PBXBuildFile; fileRef = 86091E84E246C15E1863ECBB /* GigService.swift */; };
		76E23352368414D205FF292E /* KyleOSSchemaV8.swift in Sources */ = {isa = PBXBuildFile; fileRef = 6D985C2961227F5700E44113 /* KyleOSSchemaV8.swift */; };
		78E30C4137C762D803D0F8C9 /* KyleOSSchemaV21.swift in Sources */ = {isa = PBXBuildFile; fileRef = 184D0A3872C61E432D3C248C /* KyleOSSchemaV21.swift */; };
		7F4BD19852D7856AFFE46624 /* GigSetListService.swift in Sources */ = {isa = PBXBuildFile; fileRef = 1E4BA411603A3DD68D511B7B /* GigSetListService.swift */; };
		804A079A2D9516979DA922C8 /* WritingProjectDetailView.swift in Sources */ = {isa = PBXBuildFile; fileRef = 70C398E983030FD58708ACD3 /* WritingProjectDetailView.swift */; };
		80EAE83E7EE0097A2D6CF202 /* CreativeCapacityWidget.swift in Sources */ = {isa = PBXBuildFile; fileRef = 1D7849258563EBED16DAA991 /* CreativeCapacityWidget.swift */; };
		81EB55285C7B381763B6EFC4 /* DraftService.swift in Sources */ = {isa = PBXBuildFile; fileRef = 1758113B2ED3EDEEF682144C /* DraftService.swift */; };
		852BCD04B279CAA3026AE16E /* ProjectPersistenceTests.swift in Sources */ = {isa = PBXBuildFile; fileRef = B8FD1115F8D5213BADF90347 /* ProjectPersistenceTests.swift */; };
		8740D4BCC1FB2754B41C9253 /* DraftServiceTests.swift in Sources */ = {isa = PBXBuildFile; fileRef = 641052BB65DE3FDCA0793CFC /* DraftServiceTests.swift */; };
		88C2227DB8EAA8D40E124331 /* SourceDetailView.swift in Sources */ = {isa = PBXBuildFile; fileRef = C08B38393B95469BC468618D /* SourceDetailView.swift */; };
		8AA271F45558077C103A36ED /* WorkSessionService.swift in Sources */ = {isa = PBXBuildFile; fileRef = F8F8DE3C067BF6A377085202 /* WorkSessionService.swift */; };
		8AC7B4F94D5A982E5A7F2A05 /* KyleOSSchemaV6.swift in Sources */ = {isa = PBXBuildFile; fileRef = 8E0995BC51ECCA3979C67CA0 /* KyleOSSchemaV6.swift */; };
		8B8FEC497EB9B5D9EF2376E6 /* SidebarDestination.swift in Sources */ = {isa = PBXBuildFile; fileRef = 05C9B9B594B11A2A7AC4104F /* SidebarDestination.swift */; };
		914C7F66ED89430E89A2756F /* HeadlineSetListView.swift in Sources */ = {isa = PBXBuildFile; fileRef = 6B83C2A48E8B8D10FA4AEF59 /* HeadlineSetListView.swift */; };
		947EEEDC9171C7BDE07C1A19 /* MonthCalendarView.swift in Sources */ = {isa = PBXBuildFile; fileRef = DE75F1E6EC6B94BD983113C2 /* MonthCalendarView.swift */; };
		98254136A92BEDF6CBB2FEBE /* KyleOSSchemaV4.swift in Sources */ = {isa = PBXBuildFile; fileRef = 1B255480A25BCDAF317BBD6F /* KyleOSSchemaV4.swift */; };
		98DA63C06A5F6D3600072041 /* ClipsHomeView.swift in Sources */ = {isa = PBXBuildFile; fileRef = A064C86B7A44F7E2434AD738 /* ClipsHomeView.swift */; };
		9B03B114A4232F96339A7151 /* WorkTypeDefaultTests.swift in Sources */ = {isa = PBXBuildFile; fileRef = 5A49DFCFB01F66015F55750C /* WorkTypeDefaultTests.swift */; };
		9D69A4A5F9F7CDE2AD6A942E /* ActServiceTests.swift in Sources */ = {isa = PBXBuildFile; fileRef = 48B9D005FDD6D676804D7607 /* ActServiceTests.swift */; };
		9FC15AE0BDE7E15A6B4A1742 /* ClipDetailView.swift in Sources */ = {isa = PBXBuildFile; fileRef = 2CAD4428B1BDF26920D51B1D /* ClipDetailView.swift */; };
		A254830013CF9068F9392E5C /* ScriptBlockService.swift in Sources */ = {isa = PBXBuildFile; fileRef = FA536F325A3D3ACF08E50BCB /* ScriptBlockService.swift */; };
		A5B10545D2035CB9E2499AF5 /* SidebarSelection.swift in Sources */ = {isa = PBXBuildFile; fileRef = 5E07B579165EA51ACC58D342 /* SidebarSelection.swift */; };
		AADDF887398DA6CA587B89A3 /* ClipServiceTests.swift in Sources */ = {isa = PBXBuildFile; fileRef = 095CA24E8BF528CB09981997 /* ClipServiceTests.swift */; };
		ACA5A09C72C62104E171C3B4 /* KyleOSSchemaV17.swift in Sources */ = {isa = PBXBuildFile; fileRef = 2A748D5CB451E94B6E24D834 /* KyleOSSchemaV17.swift */; };
		ADE256727B597B171F59EB5E /* TimerRecoveryService.swift in Sources */ = {isa = PBXBuildFile; fileRef = 252C0322C3D5A27BFED68814 /* TimerRecoveryService.swift */; };
		B06008B8DC9529C5D92122C2 /* TimeFormatting.swift in Sources */ = {isa = PBXBuildFile; fileRef = DF53CB376ECB46AE2DF923C8 /* TimeFormatting.swift */; };
		B498690C544430236DFBB06E /* KyleOSSchemaV12.swift in Sources */ = {isa = PBXBuildFile; fileRef = 86AEF41218D3FB37D4DCD24A /* KyleOSSchemaV12.swift */; };
		B82731AEBB40FABA90D9A4F9 /* ClipService.swift in Sources */ = {isa = PBXBuildFile; fileRef = E6D66DC425A52CFA4105B857 /* ClipService.swift */; };
		B96C91A176567D08F15C76FB /* SourceListView.swift in Sources */ = {isa = PBXBuildFile; fileRef = 93149EDDDDBA7F8981CD8D7B /* SourceListView.swift */; };
		B97F7A629A30E355726229FE /* DocumentService.swift in Sources */ = {isa = PBXBuildFile; fileRef = CBE110981FB0F1F3ED6CDECD /* DocumentService.swift */; };
		B9FC67F714FAEC4F64B4E9B8 /* FileReferenceResolverTests.swift in Sources */ = {isa = PBXBuildFile; fileRef = 1CDF3891632379E2253D5659 /* FileReferenceResolverTests.swift */; };
		BAA475ADD778F8EDEFE594FF /* PersistenceController.swift in Sources */ = {isa = PBXBuildFile; fileRef = 1B06A23CAF9A33772891D1AA /* PersistenceController.swift */; };
		BD2BB791E75391AFCD5A2349 /* ProjectsDevView.swift in Sources */ = {isa = PBXBuildFile; fileRef = D9DBB03886DE8A4DF8268447 /* ProjectsDevView.swift */; };
		BE5CFBB4A2DEC01B50386A74 /* SourceService.swift in Sources */ = {isa = PBXBuildFile; fileRef = DFE69DD91F0B820753D4356A /* SourceService.swift */; };
		BE8A02D7F20A5F4FDD1735E5 /* ClipBoardView.swift in Sources */ = {isa = PBXBuildFile; fileRef = C0595BFFA41DE897B2C34790 /* ClipBoardView.swift */; };
		BF4E02803CE746CA71D0EF8E /* DeadlinePersistenceTests.swift in Sources */ = {isa = PBXBuildFile; fileRef = C8E2A04490A9F58FAEDB12C4 /* DeadlinePersistenceTests.swift */; };
		BFC7CB6AF29265857ACB1FDB /* ChunkDetailView.swift in Sources */ = {isa = PBXBuildFile; fileRef = 8F20B42506F435EB390B8B88 /* ChunkDetailView.swift */; };
		C0495A8136146413B39B9E82 /* WorkItemService.swift in Sources */ = {isa = PBXBuildFile; fileRef = 0729CE85464C6F1BDF375A30 /* WorkItemService.swift */; };
		C05EA5601A5BFEE75C50BC2F /* ActiveTimerBanner.swift in Sources */ = {isa = PBXBuildFile; fileRef = 2A701BEF36396910E6ADA359 /* ActiveTimerBanner.swift */; };
		C0C06664776E9BA5A1EBD793 /* ProseEditorView.swift in Sources */ = {isa = PBXBuildFile; fileRef = 927D2BFE0A22A5B5FCFF5CA0 /* ProseEditorView.swift */; };
		C3E1E810E12DFEBA0EDB15C1 /* AutosaveController.swift in Sources */ = {isa = PBXBuildFile; fileRef = 45B3013E975D2B4C19DAFE6A /* AutosaveController.swift */; };
		C5B1E662BE16444ED83FD3DF /* KyleOSSchemaV10.swift in Sources */ = {isa = PBXBuildFile; fileRef = 2E4C4089E7FC5E791FCD907E /* KyleOSSchemaV10.swift */; };
		C5F7ADB03EAAEEAFD09A7786 /* KyleOSSchemaV9.swift in Sources */ = {isa = PBXBuildFile; fileRef = B8838F5790C0503AC9836FE8 /* KyleOSSchemaV9.swift */; };
		C635A98EEA34C0B3DB58FA9C /* ClipsRoute.swift in Sources */ = {isa = PBXBuildFile; fileRef = 2B441DE452B43B07B54175ED /* ClipsRoute.swift */; };
		C728CAB8906362CF0E153E3C /* ChunkListView.swift in Sources */ = {isa = PBXBuildFile; fileRef = 1EA4A2F04B9FCD47C8A68AF1 /* ChunkListView.swift */; };
		C7807F04607820B381461221 /* CalendarEventPersistenceTests.swift in Sources */ = {isa = PBXBuildFile; fileRef = 9295A52D3460E8B4134E8348 /* CalendarEventPersistenceTests.swift */; };
		C9E96A1AA690937F94AFB36C /* GigServiceTests.swift in Sources */ = {isa = PBXBuildFile; fileRef = 5DB0F68AB96FFDF41920A64F /* GigServiceTests.swift */; };
		D3E04B6C451A896E257D3E33 /* KyleOSSchemaV7.swift in Sources */ = {isa = PBXBuildFile; fileRef = A2D1507C07C4A0E3C7F20FD1 /* KyleOSSchemaV7.swift */; };
		D60F9895CF29DFF634EA48E6 /* GigDetailView.swift in Sources */ = {isa = PBXBuildFile; fileRef = 1F2D18652770DF0748E0E0B6 /* GigDetailView.swift */; };
		D658C7B2EE4C404ADAFF0B3A /* HeadlineSetService.swift in Sources */ = {isa = PBXBuildFile; fileRef = 809ECBF98C3214380C53186A /* HeadlineSetService.swift */; };
		D9C432D80F6A9A270C76F2A9 /* SceneService.swift in Sources */ = {isa = PBXBuildFile; fileRef = B57EF212EF2CA4D50F3310F5 /* SceneService.swift */; };
		E11770EA10A8A94105FD80B4 /* MonthCalendarService.swift in Sources */ = {isa = PBXBuildFile; fileRef = 3B329BF7E07F1430773368F9 /* MonthCalendarService.swift */; };
		E3C1CDF96B14C6575A70D4B1 /* KyleOSSchemaV14.swift in Sources */ = {isa = PBXBuildFile; fileRef = 8B7D1D7BB58ABBC9F506FADE /* KyleOSSchemaV14.swift */; };
		E64DF16A6CB29FBF28525A71 /* KyleOSSchemaV18.swift in Sources */ = {isa = PBXBuildFile; fileRef = C2CE449B27F40FD8589092D9 /* KyleOSSchemaV18.swift */; };
		E832ACA1B33B82DDE5D13C33 /* PlannedSessionService.swift in Sources */ = {isa = PBXBuildFile; fileRef = 9D9A5C83517F88DE4D86E509 /* PlannedSessionService.swift */; };
		E9C9247F9E54839AAA1535E6 /* HeadlineSetDetailView.swift in Sources */ = {isa = PBXBuildFile; fileRef = 59E199DA7890341CDC60AA6C /* HeadlineSetDetailView.swift */; };
		EAC937CC66F67ACE94CFFFFC /* ScriptEditorView.swift in Sources */ = {isa = PBXBuildFile; fileRef = 11711CB53AB95183CB693448 /* ScriptEditorView.swift */; };
		EC3FE050D3D76369D0611A36 /* BackupService.swift in Sources */ = {isa = PBXBuildFile; fileRef = 82E659CA3986E4A2AF2FBDF9 /* BackupService.swift */; };
		ECCA840DA9EB0FA44B181C8F /* Assets.xcassets in Resources */ = {isa = PBXBuildFile; fileRef = 308D27EF6CF8E299C7CFDFA5 /* Assets.xcassets */; };
		EE1121035BD1D6358A302B79 /* SettingsService.swift in Sources */ = {isa = PBXBuildFile; fileRef = CF80E0FBA836CD54DB5FE5B7 /* SettingsService.swift */; };
		EE6ABE183FEE644130DA91A6 /* WritingHomeView.swift in Sources */ = {isa = PBXBuildFile; fileRef = A5897E3E141CBB89EEF7E317 /* WritingHomeView.swift */; };
		F08983CA4E1FF053BD29A2F0 /* QuickAddButton.swift in Sources */ = {isa = PBXBuildFile; fileRef = 522D786A6B687BD929FB976C /* QuickAddButton.swift */; };
		F1FB21DD03B2DEB7FDD60265 /* FileReferencePersistenceTests.swift in Sources */ = {isa = PBXBuildFile; fileRef = 76011B9ACA3397331B1A89A2 /* FileReferencePersistenceTests.swift */; };
		F2E8144028E4FCC941D1F75E /* PlaceholderDestinationView.swift in Sources */ = {isa = PBXBuildFile; fileRef = CB2B8B128D9C7386AC5A6E6E /* PlaceholderDestinationView.swift */; };
		F3674B5F4ED317D2A104484A /* AllTasksView.swift in Sources */ = {isa = PBXBuildFile; fileRef = DB94F8A6EA8F258C2656AF18 /* AllTasksView.swift */; };
		F41BFD558D386EA255C5BC35 /* ChunkService.swift in Sources */ = {isa = PBXBuildFile; fileRef = 5118E5FE8729FFEA8FB2D27A /* ChunkService.swift */; };
		F4B6740698EDB8B40863C372 /* KyleOSSchemaV2.swift in Sources */ = {isa = PBXBuildFile; fileRef = F9409FDBA105077F901A54E6 /* KyleOSSchemaV2.swift */; };
		F76C9254BED6894DDA2CA598 /* HomeView.swift in Sources */ = {isa = PBXBuildFile; fileRef = 5E8D57D0B5B87CC2EEB0705D /* HomeView.swift */; };
		FC29E516C999040BC1966962 /* ActiveTimerStateService.swift in Sources */ = {isa = PBXBuildFile; fileRef = FF4013FEDF4F30E962B4F6F8 /* ActiveTimerStateService.swift */; };
		FD6CDCB8E487687EA35A4149 /* KyleOSSchemaV20.swift in Sources */ = {isa = PBXBuildFile; fileRef = 7E6ED48BAF8D9BAF6D289699 /* KyleOSSchemaV20.swift */; };
		FDC29563036BDA9019F9DD08 /* SceneServiceTests.swift in Sources */ = {isa = PBXBuildFile; fileRef = B40EE0C2E331EB60518EC087 /* SceneServiceTests.swift */; };
/* End PBXBuildFile section */

/* Begin PBXContainerItemProxy section */
		D823DDED99CDB599EFD68777 /* PBXContainerItemProxy */ = {
			isa = PBXContainerItemProxy;
			containerPortal = 253407720992904777E0ACFF /* Project object */;
			proxyType = 1;
			remoteGlobalIDString = 67FC2C16D6369550C9FFC1C3;
			remoteInfo = KyleOS;
		};
/* End PBXContainerItemProxy section */

/* Begin PBXFileReference section */
		044EB916F1D3748BB17E7B19 /* SettingsPersistenceTests.swift */ = {isa = PBXFileReference; lastKnownFileType = sourcecode.swift; path = SettingsPersistenceTests.swift; sourceTree = "<group>"; };
		05C9B9B594B11A2A7AC4104F /* SidebarDestination.swift */ = {isa = PBXFileReference; lastKnownFileType = sourcecode.swift; path = SidebarDestination.swift; sourceTree = "<group>"; };
		06DE6D055396E31BDEFFBE3F /* FileReferenceResolver.swift */ = {isa = PBXFileReference; lastKnownFileType = sourcecode.swift; path = FileReferenceResolver.swift; sourceTree = "<group>"; };
		0729CE85464C6F1BDF375A30 /* WorkItemService.swift */ = {isa = PBXFileReference; lastKnownFileType = sourcecode.swift; path = WorkItemService.swift; sourceTree = "<group>"; };
		095CA24E8BF528CB09981997 /* ClipServiceTests.swift */ = {isa = PBXFileReference; lastKnownFileType = sourcecode.swift; path = ClipServiceTests.swift; sourceTree = "<group>"; };
		0BDD98234E1607C97ADCA2D0 /* ScriptBlockServiceTests.swift */ = {isa = PBXFileReference; lastKnownFileType = sourcecode.swift; path = ScriptBlockServiceTests.swift; sourceTree = "<group>"; };
		0E32DBF93F3191403E561ABD /* WorkTypeDefaultService.swift */ = {isa = PBXFileReference; lastKnownFileType = sourcecode.swift; path = WorkTypeDefaultService.swift; sourceTree = "<group>"; };
		108DAD9FC4FE4F4E840A624E /* BackupServiceTests.swift */ = {isa = PBXFileReference; lastKnownFileType = sourcecode.swift; path = BackupServiceTests.swift; sourceTree = "<group>"; };
		11711CB53AB95183CB693448 /* ScriptEditorView.swift */ = {isa = PBXFileReference; lastKnownFileType = sourcecode.swift; path = ScriptEditorView.swift; sourceTree = "<group>"; };
		1758113B2ED3EDEEF682144C /* DraftService.swift */ = {isa = PBXFileReference; lastKnownFileType = sourcecode.swift; path = DraftService.swift; sourceTree = "<group>"; };
		184D0A3872C61E432D3C248C /* KyleOSSchemaV21.swift */ = {isa = PBXFileReference; lastKnownFileType = sourcecode.swift; path = KyleOSSchemaV21.swift; sourceTree = "<group>"; };
		1930638958A5B521B00B4602 /* DocumentPersistenceTests.swift */ = {isa = PBXFileReference; lastKnownFileType = sourcecode.swift; path = DocumentPersistenceTests.swift; sourceTree = "<group>"; };
		19607CC2ADCAD7D10A5947BE /* ActOutlineView.swift */ = {isa = PBXFileReference; lastKnownFileType = sourcecode.swift; path = ActOutlineView.swift; sourceTree = "<group>"; };
		1B06A23CAF9A33772891D1AA /* PersistenceController.swift */ = {isa = PBXFileReference; lastKnownFileType = sourcecode.swift; path = PersistenceController.swift; sourceTree = "<group>"; };
		1B255480A25BCDAF317BBD6F /* KyleOSSchemaV4.swift */ = {isa = PBXFileReference; lastKnownFileType = sourcecode.swift; path = KyleOSSchemaV4.swift; sourceTree = "<group>"; };
		1CDF3891632379E2253D5659 /* FileReferenceResolverTests.swift */ = {isa = PBXFileReference; lastKnownFileType = sourcecode.swift; path = FileReferenceResolverTests.swift; sourceTree = "<group>"; };
		1D7849258563EBED16DAA991 /* CreativeCapacityWidget.swift */ = {isa = PBXFileReference; lastKnownFileType = sourcecode.swift; path = CreativeCapacityWidget.swift; sourceTree = "<group>"; };
		1E4BA411603A3DD68D511B7B /* GigSetListService.swift */ = {isa = PBXFileReference; lastKnownFileType = sourcecode.swift; path = GigSetListService.swift; sourceTree = "<group>"; };
		1EA4A2F04B9FCD47C8A68AF1 /* ChunkListView.swift */ = {isa = PBXFileReference; lastKnownFileType = sourcecode.swift; path = ChunkListView.swift; sourceTree = "<group>"; };
		1F2D18652770DF0748E0E0B6 /* GigDetailView.swift */ = {isa = PBXFileReference; lastKnownFileType = sourcecode.swift; path = GigDetailView.swift; sourceTree = "<group>"; };
		20C969DBFA6EDB51C379E79F /* JokeBoardView.swift */ = {isa = PBXFileReference; lastKnownFileType = sourcecode.swift; path = JokeBoardView.swift; sourceTree = "<group>"; };
		2245AF51F43F2E8BDD6097CC /* RootView.swift */ = {isa = PBXFileReference; lastKnownFileType = sourcecode.swift; path = RootView.swift; sourceTree = "<group>"; };
		23A80BB73FB22D7FB46E23D2 /* TodayItemCard.swift */ = {isa = PBXFileReference; lastKnownFileType = sourcecode.swift; path = TodayItemCard.swift; sourceTree = "<group>"; };
		252C0322C3D5A27BFED68814 /* TimerRecoveryService.swift */ = {isa = PBXFileReference; lastKnownFileType = sourcecode.swift; path = TimerRecoveryService.swift; sourceTree = "<group>"; };
		27D6194C1261A3FE3D72A7E0 /* HomeServiceTests.swift */ = {isa = PBXFileReference; lastKnownFileType = sourcecode.swift; path = HomeServiceTests.swift; sourceTree = "<group>"; };
		28E2E29688E5B60623EE4EC9 /* WorkItemPersistenceTests.swift */ = {isa = PBXFileReference; lastKnownFileType = sourcecode.swift; path = WorkItemPersistenceTests.swift; sourceTree = "<group>"; };
		2A701BEF36396910E6ADA359 /* ActiveTimerBanner.swift */ = {isa = PBXFileReference; lastKnownFileType = sourcecode.swift; path = ActiveTimerBanner.swift; sourceTree = "<group>"; };
		2A748D5CB451E94B6E24D834 /* KyleOSSchemaV17.swift */ = {isa = PBXFileReference; lastKnownFileType = sourcecode.swift; path = KyleOSSchemaV17.swift; sourceTree = "<group>"; };
		2B441DE452B43B07B54175ED /* ClipsRoute.swift */ = {isa = PBXFileReference; lastKnownFileType = sourcecode.swift; path = ClipsRoute.swift; sourceTree = "<group>"; };
		2CAD4428B1BDF26920D51B1D /* ClipDetailView.swift */ = {isa = PBXFileReference; lastKnownFileType = sourcecode.swift; path = ClipDetailView.swift; sourceTree = "<group>"; };
		2E4C4089E7FC5E791FCD907E /* KyleOSSchemaV10.swift */ = {isa = PBXFileReference; lastKnownFileType = sourcecode.swift; path = KyleOSSchemaV10.swift; sourceTree = "<group>"; };
		2F6D90F7A3C6A6A11FB8B049 /* GigListView.swift */ = {isa = PBXFileReference; lastKnownFileType = sourcecode.swift; path = GigListView.swift; sourceTree = "<group>"; };
		308D27EF6CF8E299C7CFDFA5 /* Assets.xcassets */ = {isa = PBXFileReference; lastKnownFileType = folder.assetcatalog; path = Assets.xcassets; sourceTree = "<group>"; };
		39082292F413B0865540E801 /* ExportServiceTests.swift */ = {isa = PBXFileReference; lastKnownFileType = sourcecode.swift; path = ExportServiceTests.swift; sourceTree = "<group>"; };
		3B329BF7E07F1430773368F9 /* MonthCalendarService.swift */ = {isa = PBXFileReference; lastKnownFileType = sourcecode.swift; path = MonthCalendarService.swift; sourceTree = "<group>"; };
		42C5CDBE46872A0E0FD33CD8 /* SourceServiceTests.swift */ = {isa = PBXFileReference; lastKnownFileType = sourcecode.swift; path = SourceServiceTests.swift; sourceTree = "<group>"; };
		45B3013E975D2B4C19DAFE6A /* AutosaveController.swift */ = {isa = PBXFileReference; lastKnownFileType = sourcecode.swift; path = AutosaveController.swift; sourceTree = "<group>"; };
		48B9D005FDD6D676804D7607 /* ActServiceTests.swift */ = {isa = PBXFileReference; lastKnownFileType = sourcecode.swift; path = ActServiceTests.swift; sourceTree = "<group>"; };
		4BB6349B022C048467D26575 /* KyleOSSchemaV3.swift */ = {isa = PBXFileReference; lastKnownFileType = sourcecode.swift; path = KyleOSSchemaV3.swift; sourceTree = "<group>"; };
		5118E5FE8729FFEA8FB2D27A /* ChunkService.swift */ = {isa = PBXFileReference; lastKnownFileType = sourcecode.swift; path = ChunkService.swift; sourceTree = "<group>"; };
		522D786A6B687BD929FB976C /* QuickAddButton.swift */ = {isa = PBXFileReference; lastKnownFileType = sourcecode.swift; path = QuickAddButton.swift; sourceTree = "<group>"; };
		52C1E2002E8E7AB58A5BF689 /* KyleOSSchemaV19.swift */ = {isa = PBXFileReference; lastKnownFileType = sourcecode.swift; path = KyleOSSchemaV19.swift; sourceTree = "<group>"; };
		59E199DA7890341CDC60AA6C /* HeadlineSetDetailView.swift */ = {isa = PBXFileReference; lastKnownFileType = sourcecode.swift; path = HeadlineSetDetailView.swift; sourceTree = "<group>"; };
		5A49DFCFB01F66015F55750C /* WorkTypeDefaultTests.swift */ = {isa = PBXFileReference; lastKnownFileType = sourcecode.swift; path = WorkTypeDefaultTests.swift; sourceTree = "<group>"; };
		5D8B75DB46A34A6FBEE83DB6 /* InterruptedSessionPrompt.swift */ = {isa = PBXFileReference; lastKnownFileType = sourcecode.swift; path = InterruptedSessionPrompt.swift; sourceTree = "<group>"; };
		5DB0F68AB96FFDF41920A64F /* GigServiceTests.swift */ = {isa = PBXFileReference; lastKnownFileType = sourcecode.swift; path = GigServiceTests.swift; sourceTree = "<group>"; };
		5E07B579165EA51ACC58D342 /* SidebarSelection.swift */ = {isa = PBXFileReference; lastKnownFileType = sourcecode.swift; path = SidebarSelection.swift; sourceTree = "<group>"; };
		5E8D57D0B5B87CC2EEB0705D /* HomeView.swift */ = {isa = PBXFileReference; lastKnownFileType = sourcecode.swift; path = HomeView.swift; sourceTree = "<group>"; };
		641052BB65DE3FDCA0793CFC /* DraftServiceTests.swift */ = {isa = PBXFileReference; lastKnownFileType = sourcecode.swift; path = DraftServiceTests.swift; sourceTree = "<group>"; };
		660BC2802312A49BFFD14B72 /* KyleOSApp.swift */ = {isa = PBXFileReference; lastKnownFileType = sourcecode.swift; path = KyleOSApp.swift; sourceTree = "<group>"; };
		6B68DEC0BEF33FE863171FE2 /* KyleOSSchemaV13.swift */ = {isa = PBXFileReference; lastKnownFileType = sourcecode.swift; path = KyleOSSchemaV13.swift; sourceTree = "<group>"; };
		6B83C2A48E8B8D10FA4AEF59 /* HeadlineSetListView.swift */ = {isa = PBXFileReference; lastKnownFileType = sourcecode.swift; path = HeadlineSetListView.swift; sourceTree = "<group>"; };
		6D985C2961227F5700E44113 /* KyleOSSchemaV8.swift */ = {isa = PBXFileReference; lastKnownFileType = sourcecode.swift; path = KyleOSSchemaV8.swift; sourceTree = "<group>"; };
		6E36C1CCEDB3BF41E4EDA309 /* KyleOSTests.xctest */ = {isa = PBXFileReference; explicitFileType = wrapper.cfbundle; includeInIndex = 0; path = KyleOSTests.xctest; sourceTree = BUILT_PRODUCTS_DIR; };
		70C398E983030FD58708ACD3 /* WritingProjectDetailView.swift */ = {isa = PBXFileReference; lastKnownFileType = sourcecode.swift; path = WritingProjectDetailView.swift; sourceTree = "<group>"; };
		76011B9ACA3397331B1A89A2 /* FileReferencePersistenceTests.swift */ = {isa = PBXFileReference; lastKnownFileType = sourcecode.swift; path = FileReferencePersistenceTests.swift; sourceTree = "<group>"; };
		781934EE652133130E41CD12 /* HeadlineSetServiceTests.swift */ = {isa = PBXFileReference; lastKnownFileType = sourcecode.swift; path = HeadlineSetServiceTests.swift; sourceTree = "<group>"; };
		7E6ED48BAF8D9BAF6D289699 /* KyleOSSchemaV20.swift */ = {isa = PBXFileReference; lastKnownFileType = sourcecode.swift; path = KyleOSSchemaV20.swift; sourceTree = "<group>"; };
		80992EE52D8945F9ED5ED043 /* KyleOSSchemaV1.swift */ = {isa = PBXFileReference; lastKnownFileType = sourcecode.swift; path = KyleOSSchemaV1.swift; sourceTree = "<group>"; };
		809ECBF98C3214380C53186A /* HeadlineSetService.swift */ = {isa = PBXFileReference; lastKnownFileType = sourcecode.swift; path = HeadlineSetService.swift; sourceTree = "<group>"; };
		82E659CA3986E4A2AF2FBDF9 /* BackupService.swift */ = {isa = PBXFileReference; lastKnownFileType = sourcecode.swift; path = BackupService.swift; sourceTree = "<group>"; };
		83F94DC097B024E09365AC92 /* DeadlineService.swift */ = {isa = PBXFileReference; lastKnownFileType = sourcecode.swift; path = DeadlineService.swift; sourceTree = "<group>"; };
		849994C0589224C7D03A863E /* NewWritingProjectSheet.swift */ = {isa = PBXFileReference; lastKnownFileType = sourcecode.swift; path = NewWritingProjectSheet.swift; sourceTree = "<group>"; };
		84B3BA434554B01740CD3773 /* PlannedSessionPersistenceTests.swift */ = {isa = PBXFileReference; lastKnownFileType = sourcecode.swift; path = PlannedSessionPersistenceTests.swift; sourceTree = "<group>"; };
		85DC9236620E3CC2F2D17E65 /* SceneListView.swift */ = {isa = PBXFileReference; lastKnownFileType = sourcecode.swift; path = SceneListView.swift; sourceTree = "<group>"; };
		86091E84E246C15E1863ECBB /* GigService.swift */ = {isa = PBXFileReference; lastKnownFileType = sourcecode.swift; path = GigService.swift; sourceTree = "<group>"; };
		8699CAAF2060D7228C0250A7 /* ActService.swift */ = {isa = PBXFileReference; lastKnownFileType = sourcecode.swift; path = ActService.swift; sourceTree = "<group>"; };
		86AEF41218D3FB37D4DCD24A /* KyleOSSchemaV12.swift */ = {isa = PBXFileReference; lastKnownFileType = sourcecode.swift; path = KyleOSSchemaV12.swift; sourceTree = "<group>"; };
		86BE4B502217DE2581E07FC7 /* ActiveTimerStateServiceTests.swift */ = {isa = PBXFileReference; lastKnownFileType = sourcecode.swift; path = ActiveTimerStateServiceTests.swift; sourceTree = "<group>"; };
		89B76BD0DA4E4676163DF711 /* HomeService.swift */ = {isa = PBXFileReference; lastKnownFileType = sourcecode.swift; path = HomeService.swift; sourceTree = "<group>"; };
		8B7D1D7BB58ABBC9F506FADE /* KyleOSSchemaV14.swift */ = {isa = PBXFileReference; lastKnownFileType = sourcecode.swift; path = KyleOSSchemaV14.swift; sourceTree = "<group>"; };
		8CA19F98E82823FFD181FC3E /* AutosaveControllerTests.swift */ = {isa = PBXFileReference; lastKnownFileType = sourcecode.swift; path = AutosaveControllerTests.swift; sourceTree = "<group>"; };
		8D4ED11A26B0DF9FD2EEEB6C /* DevDestination.swift */ = {isa = PBXFileReference; lastKnownFileType = sourcecode.swift; path = DevDestination.swift; sourceTree = "<group>"; };
		8E0995BC51ECCA3979C67CA0 /* KyleOSSchemaV6.swift */ = {isa = PBXFileReference; lastKnownFileType = sourcecode.swift; path = KyleOSSchemaV6.swift; sourceTree = "<group>"; };
		8F20B42506F435EB390B8B88 /* ChunkDetailView.swift */ = {isa = PBXFileReference; lastKnownFileType = sourcecode.swift; path = ChunkDetailView.swift; sourceTree = "<group>"; };
		927D2BFE0A22A5B5FCFF5CA0 /* ProseEditorView.swift */ = {isa = PBXFileReference; lastKnownFileType = sourcecode.swift; path = ProseEditorView.swift; sourceTree = "<group>"; };
		9295A52D3460E8B4134E8348 /* CalendarEventPersistenceTests.swift */ = {isa = PBXFileReference; lastKnownFileType = sourcecode.swift; path = CalendarEventPersistenceTests.swift; sourceTree = "<group>"; };
		93149EDDDDBA7F8981CD8D7B /* SourceListView.swift */ = {isa = PBXFileReference; lastKnownFileType = sourcecode.swift; path = SourceListView.swift; sourceTree = "<group>"; };
		9C03488FFD5B66DD40893E94 /* WritingRoute.swift */ = {isa = PBXFileReference; lastKnownFileType = sourcecode.swift; path = WritingRoute.swift; sourceTree = "<group>"; };
		9D9A5C83517F88DE4D86E509 /* PlannedSessionService.swift */ = {isa = PBXFileReference; lastKnownFileType = sourcecode.swift; path = PlannedSessionService.swift; sourceTree = "<group>"; };
		9F7EA9D04BAF8F260ABCB478 /* FocusTimerController.swift */ = {isa = PBXFileReference; lastKnownFileType = sourcecode.swift; path = FocusTimerController.swift; sourceTree = "<group>"; };
		A064C86B7A44F7E2434AD738 /* ClipsHomeView.swift */ = {isa = PBXFileReference; lastKnownFileType = sourcecode.swift; path = ClipsHomeView.swift; sourceTree = "<group>"; };
		A2D1507C07C4A0E3C7F20FD1 /* KyleOSSchemaV7.swift */ = {isa = PBXFileReference; lastKnownFileType = sourcecode.swift; path = KyleOSSchemaV7.swift; sourceTree = "<group>"; };
		A343326ABA806B7ED4EE3C44 /* ChunkServiceTests.swift */ = {isa = PBXFileReference; lastKnownFileType = sourcecode.swift; path = ChunkServiceTests.swift; sourceTree = "<group>"; };
		A5897E3E141CBB89EEF7E317 /* WritingHomeView.swift */ = {isa = PBXFileReference; lastKnownFileType = sourcecode.swift; path = WritingHomeView.swift; sourceTree = "<group>"; };
		A5F48125DFC51F66E4372E9A /* CalendarEventService.swift */ = {isa = PBXFileReference; lastKnownFileType = sourcecode.swift; path = CalendarEventService.swift; sourceTree = "<group>"; };
		A9B05BC00F9041DA41AA5E74 /* ExportService.swift */ = {isa = PBXFileReference; lastKnownFileType = sourcecode.swift; path = ExportService.swift; sourceTree = "<group>"; };
		AB5781A1BEB14219FA2CC9B6 /* KyleOSSchemaV16.swift */ = {isa = PBXFileReference; lastKnownFileType = sourcecode.swift; path = KyleOSSchemaV16.swift; sourceTree = "<group>"; };
		B3481CB5346116A1D3BAD6F3 /* WorkSessionPersistenceTests.swift */ = {isa = PBXFileReference; lastKnownFileType = sourcecode.swift; path = WorkSessionPersistenceTests.swift; sourceTree = "<group>"; };
		B38C3303FCAF9339CEE93C68 /* GigSetListServiceTests.swift */ = {isa = PBXFileReference; lastKnownFileType = sourcecode.swift; path = GigSetListServiceTests.swift; sourceTree = "<group>"; };
		B40EE0C2E331EB60518EC087 /* SceneServiceTests.swift */ = {isa = PBXFileReference; lastKnownFileType = sourcecode.swift; path = SceneServiceTests.swift; sourceTree = "<group>"; };
		B57EF212EF2CA4D50F3310F5 /* SceneService.swift */ = {isa = PBXFileReference; lastKnownFileType = sourcecode.swift; path = SceneService.swift; sourceTree = "<group>"; };
		B8838F5790C0503AC9836FE8 /* KyleOSSchemaV9.swift */ = {isa = PBXFileReference; lastKnownFileType = sourcecode.swift; path = KyleOSSchemaV9.swift; sourceTree = "<group>"; };
		B8FD1115F8D5213BADF90347 /* ProjectPersistenceTests.swift */ = {isa = PBXFileReference; lastKnownFileType = sourcecode.swift; path = ProjectPersistenceTests.swift; sourceTree = "<group>"; };
		BB76812141269FB271CEAC48 /* FileReferenceService.swift */ = {isa = PBXFileReference; lastKnownFileType = sourcecode.swift; path = FileReferenceService.swift; sourceTree = "<group>"; };
		BC08B1D8915E0171514F5A14 /* ProjectService.swift */ = {isa = PBXFileReference; lastKnownFileType = sourcecode.swift; path = ProjectService.swift; sourceTree = "<group>"; };
		C0595BFFA41DE897B2C34790 /* ClipBoardView.swift */ = {isa = PBXFileReference; lastKnownFileType = sourcecode.swift; path = ClipBoardView.swift; sourceTree = "<group>"; };
		C08B38393B95469BC468618D /* SourceDetailView.swift */ = {isa = PBXFileReference; lastKnownFileType = sourcecode.swift; path = SourceDetailView.swift; sourceTree = "<group>"; };
		C2CE449B27F40FD8589092D9 /* KyleOSSchemaV18.swift */ = {isa = PBXFileReference; lastKnownFileType = sourcecode.swift; path = KyleOSSchemaV18.swift; sourceTree = "<group>"; };
		C3089150D20B0D789E6A972E /* CreativeCapacityServiceTests.swift */ = {isa = PBXFileReference; lastKnownFileType = sourcecode.swift; path = CreativeCapacityServiceTests.swift; sourceTree = "<group>"; };
		C55AAF6B60E824D48A2EA9D4 /* DocumentsDevView.swift */ = {isa = PBXFileReference; lastKnownFileType = sourcecode.swift; path = DocumentsDevView.swift; sourceTree = "<group>"; };
		C666739B8DC9F109621A875F /* StandUpHomeView.swift */ = {isa = PBXFileReference; lastKnownFileType = sourcecode.swift; path = StandUpHomeView.swift; sourceTree = "<group>"; };
		C85EC140FD6AE6F09E20D82B /* SchemaMigrationTests.swift */ = {isa = PBXFileReference; lastKnownFileType = sourcecode.swift; path = SchemaMigrationTests.swift; sourceTree = "<group>"; };
		C8E2A04490A9F58FAEDB12C4 /* DeadlinePersistenceTests.swift */ = {isa = PBXFileReference; lastKnownFileType = sourcecode.swift; path = DeadlinePersistenceTests.swift; sourceTree = "<group>"; };
		CB2B8B128D9C7386AC5A6E6E /* PlaceholderDestinationView.swift */ = {isa = PBXFileReference; lastKnownFileType = sourcecode.swift; path = PlaceholderDestinationView.swift; sourceTree = "<group>"; };
		CB5A12EDF34A5FF515C0D8DA /* MonthCalendarServiceTests.swift */ = {isa = PBXFileReference; lastKnownFileType = sourcecode.swift; path = MonthCalendarServiceTests.swift; sourceTree = "<group>"; };
		CBE110981FB0F1F3ED6CDECD /* DocumentService.swift */ = {isa = PBXFileReference; lastKnownFileType = sourcecode.swift; path = DocumentService.swift; sourceTree = "<group>"; };
		CF80E0FBA836CD54DB5FE5B7 /* SettingsService.swift */ = {isa = PBXFileReference; lastKnownFileType = sourcecode.swift; path = SettingsService.swift; sourceTree = "<group>"; };
		D138354B6AD5EACAD0C3EBDB /* KyleOS.app */ = {isa = PBXFileReference; explicitFileType = wrapper.application; includeInIndex = 0; path = KyleOS.app; sourceTree = BUILT_PRODUCTS_DIR; };
		D1B7574EC24A9CFF1F43003B /* KyleOSMigrationPlan.swift */ = {isa = PBXFileReference; lastKnownFileType = sourcecode.swift; path = KyleOSMigrationPlan.swift; sourceTree = "<group>"; };
		D4FBF710F6D8D3B30ACFDBE6 /* TimerRecoveryServiceTests.swift */ = {isa = PBXFileReference; lastKnownFileType = sourcecode.swift; path = TimerRecoveryServiceTests.swift; sourceTree = "<group>"; };
		D73908F64313B9B846F20B7E /* KyleOSSchemaV5.swift */ = {isa = PBXFileReference; lastKnownFileType = sourcecode.swift; path = KyleOSSchemaV5.swift; sourceTree = "<group>"; };
		D9DBB03886DE8A4DF8268447 /* ProjectsDevView.swift */ = {isa = PBXFileReference; lastKnownFileType = sourcecode.swift; path = ProjectsDevView.swift; sourceTree = "<group>"; };
		DB94F8A6EA8F258C2656AF18 /* AllTasksView.swift */ = {isa = PBXFileReference; lastKnownFileType = sourcecode.swift; path = AllTasksView.swift; sourceTree = "<group>"; };
		DE75F1E6EC6B94BD983113C2 /* MonthCalendarView.swift */ = {isa = PBXFileReference; lastKnownFileType = sourcecode.swift; path = MonthCalendarView.swift; sourceTree = "<group>"; };
		DF2BA7F9F4820A38C7132875 /* KyleOSSchemaV15.swift */ = {isa = PBXFileReference; lastKnownFileType = sourcecode.swift; path = KyleOSSchemaV15.swift; sourceTree = "<group>"; };
		DF53CB376ECB46AE2DF923C8 /* TimeFormatting.swift */ = {isa = PBXFileReference; lastKnownFileType = sourcecode.swift; path = TimeFormatting.swift; sourceTree = "<group>"; };
		DFE69DD91F0B820753D4356A /* SourceService.swift */ = {isa = PBXFileReference; lastKnownFileType = sourcecode.swift; path = SourceService.swift; sourceTree = "<group>"; };
		E025BCBDB4BAC1888B4038AF /* KyleOSSchemaV11.swift */ = {isa = PBXFileReference; lastKnownFileType = sourcecode.swift; path = KyleOSSchemaV11.swift; sourceTree = "<group>"; };
		E02CA4026D19A121892F2FB4 /* JokeService.swift */ = {isa = PBXFileReference; lastKnownFileType = sourcecode.swift; path = JokeService.swift; sourceTree = "<group>"; };
		E3522C8B1A80D72FCC6071D2 /* FocusTimerSessionLength.swift */ = {isa = PBXFileReference; lastKnownFileType = sourcecode.swift; path = FocusTimerSessionLength.swift; sourceTree = "<group>"; };
		E6D66DC425A52CFA4105B857 /* ClipService.swift */ = {isa = PBXFileReference; lastKnownFileType = sourcecode.swift; path = ClipService.swift; sourceTree = "<group>"; };
		EEBDA6AF784F5931DE830C5C /* CreativeCapacityService.swift */ = {isa = PBXFileReference; lastKnownFileType = sourcecode.swift; path = CreativeCapacityService.swift; sourceTree = "<group>"; };
		F070CFB1807E813ABCC7B7DE /* FinishSessionPrompt.swift */ = {isa = PBXFileReference; lastKnownFileType = sourcecode.swift; path = FinishSessionPrompt.swift; sourceTree = "<group>"; };
		F189C9D30A7D51AA679CB71F /* FocusTimerControllerTests.swift */ = {isa = PBXFileReference; lastKnownFileType = sourcecode.swift; path = FocusTimerControllerTests.swift; sourceTree = "<group>"; };
		F63FAD47486D7938941B1EAE /* JokeServiceTests.swift */ = {isa = PBXFileReference; lastKnownFileType = sourcecode.swift; path = JokeServiceTests.swift; sourceTree = "<group>"; };
		F8F8DE3C067BF6A377085202 /* WorkSessionService.swift */ = {isa = PBXFileReference; lastKnownFileType = sourcecode.swift; path = WorkSessionService.swift; sourceTree = "<group>"; };
		F9409FDBA105077F901A54E6 /* KyleOSSchemaV2.swift */ = {isa = PBXFileReference; lastKnownFileType = sourcecode.swift; path = KyleOSSchemaV2.swift; sourceTree = "<group>"; };
		FA536F325A3D3ACF08E50BCB /* ScriptBlockService.swift */ = {isa = PBXFileReference; lastKnownFileType = sourcecode.swift; path = ScriptBlockService.swift; sourceTree = "<group>"; };
		FF4013FEDF4F30E962B4F6F8 /* ActiveTimerStateService.swift */ = {isa = PBXFileReference; lastKnownFileType = sourcecode.swift; path = ActiveTimerStateService.swift; sourceTree = "<group>"; };
/* End PBXFileReference section */

/* Begin PBXGroup section */
		1EF6ACD0FC55EB3A043BF051 /* Clips */ = {
			isa = PBXGroup;
			children = (
				C0595BFFA41DE897B2C34790 /* ClipBoardView.swift */,
				2CAD4428B1BDF26920D51B1D /* ClipDetailView.swift */,
				A064C86B7A44F7E2434AD738 /* ClipsHomeView.swift */,
				2B441DE452B43B07B54175ED /* ClipsRoute.swift */,
				C08B38393B95469BC468618D /* SourceDetailView.swift */,
				93149EDDDDBA7F8981CD8D7B /* SourceListView.swift */,
			);
			path = Clips;
			sourceTree = "<group>";
		};
		306C1E14E4185D79794F96AB /* Products */ = {
			isa = PBXGroup;
			children = (
				D138354B6AD5EACAD0C3EBDB /* KyleOS.app */,
				6E36C1CCEDB3BF41E4EDA309 /* KyleOSTests.xctest */,
			);
			name = Products;
			sourceTree = "<group>";
		};
		323874B850311BCDAC1EF427 /* Writing */ = {
			isa = PBXGroup;
			children = (
				19607CC2ADCAD7D10A5947BE /* ActOutlineView.swift */,
				849994C0589224C7D03A863E /* NewWritingProjectSheet.swift */,
				927D2BFE0A22A5B5FCFF5CA0 /* ProseEditorView.swift */,
				85DC9236620E3CC2F2D17E65 /* SceneListView.swift */,
				11711CB53AB95183CB693448 /* ScriptEditorView.swift */,
				A5897E3E141CBB89EEF7E317 /* WritingHomeView.swift */,
				70C398E983030FD58708ACD3 /* WritingProjectDetailView.swift */,
				9C03488FFD5B66DD40893E94 /* WritingRoute.swift */,
			);
			path = Writing;
			sourceTree = "<group>";
		};
		470145D068E0C700383140B1 /* KyleOS */ = {
			isa = PBXGroup;
			children = (
				308D27EF6CF8E299C7CFDFA5 /* Assets.xcassets */,
				660BC2802312A49BFFD14B72 /* KyleOSApp.swift */,
				640BABB0947FE9B124A8C7C6 /* Backup */,
				1EF6ACD0FC55EB3A043BF051 /* Clips */,
				9E57D258F33CD5312EF25840 /* Dev */,
				D5631A907DD2B7D07AEC3EAA /* Domain */,
				C8FF822C3DF8F06D6CDC952A /* Export */,
				CB7836209AAEC32AF2E04F48 /* Files */,
				F97409F31277AD6FBFBC126A /* Home */,
				474886536D11B067E057E2A1 /* Navigation */,
				A7E620E76C850162542CF1A2 /* Persistence */,
				F2595A1BFCEABCD4330301A1 /* StandUp */,
				B125041E446B6B3A03E34DDF /* Timer */,
				323874B850311BCDAC1EF427 /* Writing */,
			);
			path = KyleOS;
			sourceTree = "<group>";
		};
		474886536D11B067E057E2A1 /* Navigation */ = {
			isa = PBXGroup;
			children = (
				CB2B8B128D9C7386AC5A6E6E /* PlaceholderDestinationView.swift */,
				2245AF51F43F2E8BDD6097CC /* RootView.swift */,
				05C9B9B594B11A2A7AC4104F /* SidebarDestination.swift */,
				5E07B579165EA51ACC58D342 /* SidebarSelection.swift */,
			);
			path = Navigation;
			sourceTree = "<group>";
		};
		494A579CC52370BE20438831 /* KyleOSTests */ = {
			isa = PBXGroup;
			children = (
				86BE4B502217DE2581E07FC7 /* ActiveTimerStateServiceTests.swift */,
				48B9D005FDD6D676804D7607 /* ActServiceTests.swift */,
				8CA19F98E82823FFD181FC3E /* AutosaveControllerTests.swift */,
				108DAD9FC4FE4F4E840A624E /* BackupServiceTests.swift */,
				9295A52D3460E8B4134E8348 /* CalendarEventPersistenceTests.swift */,
				A343326ABA806B7ED4EE3C44 /* ChunkServiceTests.swift */,
				095CA24E8BF528CB09981997 /* ClipServiceTests.swift */,
				C3089150D20B0D789E6A972E /* CreativeCapacityServiceTests.swift */,
				C8E2A04490A9F58FAEDB12C4 /* DeadlinePersistenceTests.swift */,
				1930638958A5B521B00B4602 /* DocumentPersistenceTests.swift */,
				641052BB65DE3FDCA0793CFC /* DraftServiceTests.swift */,
				39082292F413B0865540E801 /* ExportServiceTests.swift */,
				76011B9ACA3397331B1A89A2 /* FileReferencePersistenceTests.swift */,
				1CDF3891632379E2253D5659 /* FileReferenceResolverTests.swift */,
				F189C9D30A7D51AA679CB71F /* FocusTimerControllerTests.swift */,
				5DB0F68AB96FFDF41920A64F /* GigServiceTests.swift */,
				B38C3303FCAF9339CEE93C68 /* GigSetListServiceTests.swift */,
				781934EE652133130E41CD12 /* HeadlineSetServiceTests.swift */,
				27D6194C1261A3FE3D72A7E0 /* HomeServiceTests.swift */,
				F63FAD47486D7938941B1EAE /* JokeServiceTests.swift */,
				CB5A12EDF34A5FF515C0D8DA /* MonthCalendarServiceTests.swift */,
				84B3BA434554B01740CD3773 /* PlannedSessionPersistenceTests.swift */,
				B8FD1115F8D5213BADF90347 /* ProjectPersistenceTests.swift */,
				B40EE0C2E331EB60518EC087 /* SceneServiceTests.swift */,
				C85EC140FD6AE6F09E20D82B /* SchemaMigrationTests.swift */,
				0BDD98234E1607C97ADCA2D0 /* ScriptBlockServiceTests.swift */,
				044EB916F1D3748BB17E7B19 /* SettingsPersistenceTests.swift */,
				42C5CDBE46872A0E0FD33CD8 /* SourceServiceTests.swift */,
				D4FBF710F6D8D3B30ACFDBE6 /* TimerRecoveryServiceTests.swift */,
				28E2E29688E5B60623EE4EC9 /* WorkItemPersistenceTests.swift */,
				B3481CB5346116A1D3BAD6F3 /* WorkSessionPersistenceTests.swift */,
				5A49DFCFB01F66015F55750C /* WorkTypeDefaultTests.swift */,
			);
			path = KyleOSTests;
			sourceTree = "<group>";
		};
		640BABB0947FE9B124A8C7C6 /* Backup */ = {
			isa = PBXGroup;
			children = (
				82E659CA3986E4A2AF2FBDF9 /* BackupService.swift */,
			);
			path = Backup;
			sourceTree = "<group>";
		};
		823E66977CD511037E73B53A /* Schema */ = {
			isa = PBXGroup;
			children = (
				D1B7574EC24A9CFF1F43003B /* KyleOSMigrationPlan.swift */,
				80992EE52D8945F9ED5ED043 /* KyleOSSchemaV1.swift */,
				F9409FDBA105077F901A54E6 /* KyleOSSchemaV2.swift */,
				4BB6349B022C048467D26575 /* KyleOSSchemaV3.swift */,
				1B255480A25BCDAF317BBD6F /* KyleOSSchemaV4.swift */,
				D73908F64313B9B846F20B7E /* KyleOSSchemaV5.swift */,
				8E0995BC51ECCA3979C67CA0 /* KyleOSSchemaV6.swift */,
				A2D1507C07C4A0E3C7F20FD1 /* KyleOSSchemaV7.swift */,
				6D985C2961227F5700E44113 /* KyleOSSchemaV8.swift */,
				B8838F5790C0503AC9836FE8 /* KyleOSSchemaV9.swift */,
				2E4C4089E7FC5E791FCD907E /* KyleOSSchemaV10.swift */,
				E025BCBDB4BAC1888B4038AF /* KyleOSSchemaV11.swift */,
				86AEF41218D3FB37D4DCD24A /* KyleOSSchemaV12.swift */,
				6B68DEC0BEF33FE863171FE2 /* KyleOSSchemaV13.swift */,
				8B7D1D7BB58ABBC9F506FADE /* KyleOSSchemaV14.swift */,
				DF2BA7F9F4820A38C7132875 /* KyleOSSchemaV15.swift */,
				AB5781A1BEB14219FA2CC9B6 /* KyleOSSchemaV16.swift */,
				2A748D5CB451E94B6E24D834 /* KyleOSSchemaV17.swift */,
				C2CE449B27F40FD8589092D9 /* KyleOSSchemaV18.swift */,
				52C1E2002E8E7AB58A5BF689 /* KyleOSSchemaV19.swift */,
				7E6ED48BAF8D9BAF6D289699 /* KyleOSSchemaV20.swift */,
				184D0A3872C61E432D3C248C /* KyleOSSchemaV21.swift */,
			);
			path = Schema;
			sourceTree = "<group>";
		};
		9E57D258F33CD5312EF25840 /* Dev */ = {
			isa = PBXGroup;
			children = (
				8D4ED11A26B0DF9FD2EEEB6C /* DevDestination.swift */,
				C55AAF6B60E824D48A2EA9D4 /* DocumentsDevView.swift */,
				D9DBB03886DE8A4DF8268447 /* ProjectsDevView.swift */,
			);
			path = Dev;
			sourceTree = "<group>";
		};
		A7E620E76C850162542CF1A2 /* Persistence */ = {
			isa = PBXGroup;
			children = (
				45B3013E975D2B4C19DAFE6A /* AutosaveController.swift */,
				1B06A23CAF9A33772891D1AA /* PersistenceController.swift */,
				823E66977CD511037E73B53A /* Schema */,
			);
			path = Persistence;
			sourceTree = "<group>";
		};
		B125041E446B6B3A03E34DDF /* Timer */ = {
			isa = PBXGroup;
			children = (
				FF4013FEDF4F30E962B4F6F8 /* ActiveTimerStateService.swift */,
				9F7EA9D04BAF8F260ABCB478 /* FocusTimerController.swift */,
				E3522C8B1A80D72FCC6071D2 /* FocusTimerSessionLength.swift */,
				252C0322C3D5A27BFED68814 /* TimerRecoveryService.swift */,
			);
			path = Timer;
			sourceTree = "<group>";
		};
		C8FF822C3DF8F06D6CDC952A /* Export */ = {
			isa = PBXGroup;
			children = (
				A9B05BC00F9041DA41AA5E74 /* ExportService.swift */,
			);
			path = Export;
			sourceTree = "<group>";
		};
		CB7836209AAEC32AF2E04F48 /* Files */ = {
			isa = PBXGroup;
			children = (
				06DE6D055396E31BDEFFBE3F /* FileReferenceResolver.swift */,
				BB76812141269FB271CEAC48 /* FileReferenceService.swift */,
			);
			path = Files;
			sourceTree = "<group>";
		};
		D5631A907DD2B7D07AEC3EAA /* Domain */ = {
			isa = PBXGroup;
			children = (
				8699CAAF2060D7228C0250A7 /* ActService.swift */,
				A5F48125DFC51F66E4372E9A /* CalendarEventService.swift */,
				5118E5FE8729FFEA8FB2D27A /* ChunkService.swift */,
				E6D66DC425A52CFA4105B857 /* ClipService.swift */,
				EEBDA6AF784F5931DE830C5C /* CreativeCapacityService.swift */,
				83F94DC097B024E09365AC92 /* DeadlineService.swift */,
				CBE110981FB0F1F3ED6CDECD /* DocumentService.swift */,
				1758113B2ED3EDEEF682144C /* DraftService.swift */,
				86091E84E246C15E1863ECBB /* GigService.swift */,
				1E4BA411603A3DD68D511B7B /* GigSetListService.swift */,
				809ECBF98C3214380C53186A /* HeadlineSetService.swift */,
				89B76BD0DA4E4676163DF711 /* HomeService.swift */,
				E02CA4026D19A121892F2FB4 /* JokeService.swift */,
				3B329BF7E07F1430773368F9 /* MonthCalendarService.swift */,
				9D9A5C83517F88DE4D86E509 /* PlannedSessionService.swift */,
				BC08B1D8915E0171514F5A14 /* ProjectService.swift */,
				B57EF212EF2CA4D50F3310F5 /* SceneService.swift */,
				FA536F325A3D3ACF08E50BCB /* ScriptBlockService.swift */,
				CF80E0FBA836CD54DB5FE5B7 /* SettingsService.swift */,
				DFE69DD91F0B820753D4356A /* SourceService.swift */,
				0729CE85464C6F1BDF375A30 /* WorkItemService.swift */,
				F8F8DE3C067BF6A377085202 /* WorkSessionService.swift */,
				0E32DBF93F3191403E561ABD /* WorkTypeDefaultService.swift */,
			);
			path = Domain;
			sourceTree = "<group>";
		};
		F2595A1BFCEABCD4330301A1 /* StandUp */ = {
			isa = PBXGroup;
			children = (
				8F20B42506F435EB390B8B88 /* ChunkDetailView.swift */,
				1EA4A2F04B9FCD47C8A68AF1 /* ChunkListView.swift */,
				1F2D18652770DF0748E0E0B6 /* GigDetailView.swift */,
				2F6D90F7A3C6A6A11FB8B049 /* GigListView.swift */,
				59E199DA7890341CDC60AA6C /* HeadlineSetDetailView.swift */,
				6B83C2A48E8B8D10FA4AEF59 /* HeadlineSetListView.swift */,
				20C969DBFA6EDB51C379E79F /* JokeBoardView.swift */,
				C666739B8DC9F109621A875F /* StandUpHomeView.swift */,
			);
			path = StandUp;
			sourceTree = "<group>";
		};
		F2AE1CBFA45459C708F55ED5 = {
			isa = PBXGroup;
			children = (
				470145D068E0C700383140B1 /* KyleOS */,
				494A579CC52370BE20438831 /* KyleOSTests */,
				306C1E14E4185D79794F96AB /* Products */,
			);
			sourceTree = "<group>";
		};
		F97409F31277AD6FBFBC126A /* Home */ = {
			isa = PBXGroup;
			children = (
				2A701BEF36396910E6ADA359 /* ActiveTimerBanner.swift */,
				DB94F8A6EA8F258C2656AF18 /* AllTasksView.swift */,
				1D7849258563EBED16DAA991 /* CreativeCapacityWidget.swift */,
				F070CFB1807E813ABCC7B7DE /* FinishSessionPrompt.swift */,
				5E8D57D0B5B87CC2EEB0705D /* HomeView.swift */,
				5D8B75DB46A34A6FBEE83DB6 /* InterruptedSessionPrompt.swift */,
				DE75F1E6EC6B94BD983113C2 /* MonthCalendarView.swift */,
				522D786A6B687BD929FB976C /* QuickAddButton.swift */,
				DF53CB376ECB46AE2DF923C8 /* TimeFormatting.swift */,
				23A80BB73FB22D7FB46E23D2 /* TodayItemCard.swift */,
			);
			path = Home;
			sourceTree = "<group>";
		};
/* End PBXGroup section */

/* Begin PBXNativeTarget section */
		224EDD2D0D5641749872F7CF /* KyleOSTests */ = {
			isa = PBXNativeTarget;
			buildConfigurationList = 3D129789F3C7DDD6C74A23F3 /* Build configuration list for PBXNativeTarget "KyleOSTests" */;
			buildPhases = (
				09094FE38E2C50A311332743 /* Sources */,
			);
			buildRules = (
			);
			dependencies = (
				54C34D42B33A8CEE2C974E1F /* PBXTargetDependency */,
			);
			name = KyleOSTests;
			packageProductDependencies = (
			);
			productName = KyleOSTests;
			productReference = 6E36C1CCEDB3BF41E4EDA309 /* KyleOSTests.xctest */;
			productType = "com.apple.product-type.bundle.unit-test";
		};
		67FC2C16D6369550C9FFC1C3 /* KyleOS */ = {
			isa = PBXNativeTarget;
			buildConfigurationList = C07A54E7890BDB7EEA2CB88B /* Build configuration list for PBXNativeTarget "KyleOS" */;
			buildPhases = (
				6A77DF79338FBA3E2ADEE17E /* Sources */,
				10455F7DC7DFAD7C3E9F13F4 /* Resources */,
			);
			buildRules = (
			);
			dependencies = (
			);
			name = KyleOS;
			packageProductDependencies = (
			);
			productName = KyleOS;
			productReference = D138354B6AD5EACAD0C3EBDB /* KyleOS.app */;
			productType = "com.apple.product-type.application";
		};
/* End PBXNativeTarget section */

/* Begin PBXProject section */
		253407720992904777E0ACFF /* Project object */ = {
			isa = PBXProject;
			attributes = {
				BuildIndependentTargetsInParallel = YES;
				LastUpgradeCheck = 1430;
				TargetAttributes = {
					224EDD2D0D5641749872F7CF = {
						DevelopmentTeam = "";
						ProvisioningStyle = Manual;
					};
					67FC2C16D6369550C9FFC1C3 = {
						DevelopmentTeam = "";
						ProvisioningStyle = Manual;
					};
				};
			};
			buildConfigurationList = 5FA547CD462DF5DB8F79A6F7 /* Build configuration list for PBXProject "KyleOS" */;
			developmentRegion = en;
			hasScannedForEncodings = 0;
			knownRegions = (
				Base,
				en,
			);
			mainGroup = F2AE1CBFA45459C708F55ED5;
			minimizedProjectReferenceProxies = 1;
			preferredProjectObjectVersion = 77;
			productRefGroup = 306C1E14E4185D79794F96AB /* Products */;
			projectDirPath = "";
			projectRoot = "";
			targets = (
				67FC2C16D6369550C9FFC1C3 /* KyleOS */,
				224EDD2D0D5641749872F7CF /* KyleOSTests */,
			);
		};
/* End PBXProject section */

/* Begin PBXResourcesBuildPhase section */
		10455F7DC7DFAD7C3E9F13F4 /* Resources */ = {
			isa = PBXResourcesBuildPhase;
			buildActionMask = 2147483647;
			files = (
				ECCA840DA9EB0FA44B181C8F /* Assets.xcassets in Resources */,
			);
			runOnlyForDeploymentPostprocessing = 0;
		};
/* End PBXResourcesBuildPhase section */

/* Begin PBXSourcesBuildPhase section */
		09094FE38E2C50A311332743 /* Sources */ = {
			isa = PBXSourcesBuildPhase;
			buildActionMask = 2147483647;
			files = (
				9D69A4A5F9F7CDE2AD6A942E /* ActServiceTests.swift in Sources */,
				13BA1AFF32FC2D756B9A4B79 /* ActiveTimerStateServiceTests.swift in Sources */,
				28413DC38795D2B932C96C3E /* AutosaveControllerTests.swift in Sources */,
				42B0EE108DE419C0422D2647 /* BackupServiceTests.swift in Sources */,
				C7807F04607820B381461221 /* CalendarEventPersistenceTests.swift in Sources */,
				082D48916634694CA25E04B8 /* ChunkServiceTests.swift in Sources */,
				AADDF887398DA6CA587B89A3 /* ClipServiceTests.swift in Sources */,
				3DD45C7F77162800F3F64B22 /* CreativeCapacityServiceTests.swift in Sources */,
				BF4E02803CE746CA71D0EF8E /* DeadlinePersistenceTests.swift in Sources */,
				1865E473DFE6B7569208F40F /* DocumentPersistenceTests.swift in Sources */,
				8740D4BCC1FB2754B41C9253 /* DraftServiceTests.swift in Sources */,
				03D44179E2B16A921189478E /* ExportServiceTests.swift in Sources */,
				F1FB21DD03B2DEB7FDD60265 /* FileReferencePersistenceTests.swift in Sources */,
				B9FC67F714FAEC4F64B4E9B8 /* FileReferenceResolverTests.swift in Sources */,
				56C54A78A73CFBB8F6C8F4AE /* FocusTimerControllerTests.swift in Sources */,
				C9E96A1AA690937F94AFB36C /* GigServiceTests.swift in Sources */,
				0D049C85D7308F2E05E3C986 /* GigSetListServiceTests.swift in Sources */,
				4F549DD9DBF6200C9B21F2CA /* HeadlineSetServiceTests.swift in Sources */,
				611611949E3B2EC9139C40ED /* HomeServiceTests.swift in Sources */,
				1FF02EF22480DAAFC3822B24 /* JokeServiceTests.swift in Sources */,
				2F877317691F404F62173786 /* MonthCalendarServiceTests.swift in Sources */,
				6E82854BA860A44FC52ADF4B /* PlannedSessionPersistenceTests.swift in Sources */,
				852BCD04B279CAA3026AE16E /* ProjectPersistenceTests.swift in Sources */,
				FDC29563036BDA9019F9DD08 /* SceneServiceTests.swift in Sources */,
				193BFDC22D0970FE9568FCB8 /* SchemaMigrationTests.swift in Sources */,
				252B55FA286040385CE319DF /* ScriptBlockServiceTests.swift in Sources */,
				020CF879657DF8764DF89FD9 /* SettingsPersistenceTests.swift in Sources */,
				2EFE655F08CE1F07A301CB0A /* SourceServiceTests.swift in Sources */,
				3F24A4975186AE59CB1B33CC /* TimerRecoveryServiceTests.swift in Sources */,
				5D9E935642D80AD91D348AEB /* WorkItemPersistenceTests.swift in Sources */,
				41AF7B59D6DDB36B4A047DD3 /* WorkSessionPersistenceTests.swift in Sources */,
				9B03B114A4232F96339A7151 /* WorkTypeDefaultTests.swift in Sources */,
			);
			runOnlyForDeploymentPostprocessing = 0;
		};
		6A77DF79338FBA3E2ADEE17E /* Sources */ = {
			isa = PBXSourcesBuildPhase;
			buildActionMask = 2147483647;
			files = (
				5787E7930CD832EEDD0B609B /* ActOutlineView.swift in Sources */,
				4F49008AA051E5D5491A9152 /* ActService.swift in Sources */,
				C05EA5601A5BFEE75C50BC2F /* ActiveTimerBanner.swift in Sources */,
				FC29E516C999040BC1966962 /* ActiveTimerStateService.swift in Sources */,
				F3674B5F4ED317D2A104484A /* AllTasksView.swift in Sources */,
				C3E1E810E12DFEBA0EDB15C1 /* AutosaveController.swift in Sources */,
				EC3FE050D3D76369D0611A36 /* BackupService.swift in Sources */,
				29C6E15AFDC4C5B8F9EB6D8A /* CalendarEventService.swift in Sources */,
				BFC7CB6AF29265857ACB1FDB /* ChunkDetailView.swift in Sources */,
				C728CAB8906362CF0E153E3C /* ChunkListView.swift in Sources */,
				F41BFD558D386EA255C5BC35 /* ChunkService.swift in Sources */,
				BE8A02D7F20A5F4FDD1735E5 /* ClipBoardView.swift in Sources */,
				9FC15AE0BDE7E15A6B4A1742 /* ClipDetailView.swift in Sources */,
				B82731AEBB40FABA90D9A4F9 /* ClipService.swift in Sources */,
				98DA63C06A5F6D3600072041 /* ClipsHomeView.swift in Sources */,
				C635A98EEA34C0B3DB58FA9C /* ClipsRoute.swift in Sources */,
				2F99D8B063AA1EF887DCB910 /* CreativeCapacityService.swift in Sources */,
				80EAE83E7EE0097A2D6CF202 /* CreativeCapacityWidget.swift in Sources */,
				415DEECE4EAFDC406A72FE31 /* DeadlineService.swift in Sources */,
				2C4C20D033B8188804289DC1 /* DevDestination.swift in Sources */,
				B97F7A629A30E355726229FE /* DocumentService.swift in Sources */,
				0CC9DBEDD583A50ECB4D2F71 /* DocumentsDevView.swift in Sources */,
				81EB55285C7B381763B6EFC4 /* DraftService.swift in Sources */,
				243CF232F0A678D058CEE3B4 /* ExportService.swift in Sources */,
				22B73189D6C93F99B7E0DF4C /* FileReferenceResolver.swift in Sources */,
				12A8B2FBB431ED4C58C0575C /* FileReferenceService.swift in Sources */,
				353166ABFBF7406F5F3F015A /* FinishSessionPrompt.swift in Sources */,
				0832C630D3538FB41F166A6E /* FocusTimerController.swift in Sources */,
				156B71C7DA166DB15A6924FE /* FocusTimerSessionLength.swift in Sources */,
				D60F9895CF29DFF634EA48E6 /* GigDetailView.swift in Sources */,
				4B3F645A29DCE8288131A11E /* GigListView.swift in Sources */,
				742723E6DAA4881509D6D5DB /* GigService.swift in Sources */,
				7F4BD19852D7856AFFE46624 /* GigSetListService.swift in Sources */,
				E9C9247F9E54839AAA1535E6 /* HeadlineSetDetailView.swift in Sources */,
				914C7F66ED89430E89A2756F /* HeadlineSetListView.swift in Sources */,
				D658C7B2EE4C404ADAFF0B3A /* HeadlineSetService.swift in Sources */,
				032F27B6F17FC59CC368A23E /* HomeService.swift in Sources */,
				F76C9254BED6894DDA2CA598 /* HomeView.swift in Sources */,
				2191A8BC94600CCDB692576C /* InterruptedSessionPrompt.swift in Sources */,
				6DE59BBBE51A8C5957B05109 /* JokeBoardView.swift in Sources */,
				2BAABA3A1CFB7F9AF5676567 /* JokeService.swift in Sources */,
				67825D03AECE7E108CB084CB /* KyleOSApp.swift in Sources */,
				3F165D1B067D4E3A55FE90F4 /* KyleOSMigrationPlan.swift in Sources */,
				66D7AC0F90542379089813AF /* KyleOSSchemaV1.swift in Sources */,
				C5B1E662BE16444ED83FD3DF /* KyleOSSchemaV10.swift in Sources */,
				324E98AEE069C37398B76F62 /* KyleOSSchemaV11.swift in Sources */,
				B498690C544430236DFBB06E /* KyleOSSchemaV12.swift in Sources */,
				6168E5CFD9E3E1C4CCF00406 /* KyleOSSchemaV13.swift in Sources */,
				E3C1CDF96B14C6575A70D4B1 /* KyleOSSchemaV14.swift in Sources */,
				0563882F5E5EFE36B6108D4E /* KyleOSSchemaV15.swift in Sources */,
				23BF84EE1A9C948F49E12B63 /* KyleOSSchemaV16.swift in Sources */,
				ACA5A09C72C62104E171C3B4 /* KyleOSSchemaV17.swift in Sources */,
				E64DF16A6CB29FBF28525A71 /* KyleOSSchemaV18.swift in Sources */,
				25948435255141F199AC1872 /* KyleOSSchemaV19.swift in Sources */,
				F4B6740698EDB8B40863C372 /* KyleOSSchemaV2.swift in Sources */,
				FD6CDCB8E487687EA35A4149 /* KyleOSSchemaV20.swift in Sources */,
				78E30C4137C762D803D0F8C9 /* KyleOSSchemaV21.swift in Sources */,
				3DE0507395F04E08EA2620EA /* KyleOSSchemaV3.swift in Sources */,
				98254136A92BEDF6CBB2FEBE /* KyleOSSchemaV4.swift in Sources */,
				2A7D59E3757D548B871DA798 /* KyleOSSchemaV5.swift in Sources */,
				8AC7B4F94D5A982E5A7F2A05 /* KyleOSSchemaV6.swift in Sources */,
				D3E04B6C451A896E257D3E33 /* KyleOSSchemaV7.swift in Sources */,
				76E23352368414D205FF292E /* KyleOSSchemaV8.swift in Sources */,
				C5F7ADB03EAAEEAFD09A7786 /* KyleOSSchemaV9.swift in Sources */,
				E11770EA10A8A94105FD80B4 /* MonthCalendarService.swift in Sources */,
				947EEEDC9171C7BDE07C1A19 /* MonthCalendarView.swift in Sources */,
				20BFEEC1289658640EFCC20C /* NewWritingProjectSheet.swift in Sources */,
				BAA475ADD778F8EDEFE594FF /* PersistenceController.swift in Sources */,
				F2E8144028E4FCC941D1F75E /* PlaceholderDestinationView.swift in Sources */,
				E832ACA1B33B82DDE5D13C33 /* PlannedSessionService.swift in Sources */,
				01134AAB63A71C8DA242A66C /* ProjectService.swift in Sources */,
				BD2BB791E75391AFCD5A2349 /* ProjectsDevView.swift in Sources */,
				C0C06664776E9BA5A1EBD793 /* ProseEditorView.swift in Sources */,
				F08983CA4E1FF053BD29A2F0 /* QuickAddButton.swift in Sources */,
				680ED53C1E3989CD253F4950 /* RootView.swift in Sources */,
				62EDCD61FE258B4E58A006D2 /* SceneListView.swift in Sources */,
				D9C432D80F6A9A270C76F2A9 /* SceneService.swift in Sources */,
				A254830013CF9068F9392E5C /* ScriptBlockService.swift in Sources */,
				EAC937CC66F67ACE94CFFFFC /* ScriptEditorView.swift in Sources */,
				EE1121035BD1D6358A302B79 /* SettingsService.swift in Sources */,
				8B8FEC497EB9B5D9EF2376E6 /* SidebarDestination.swift in Sources */,
				A5B10545D2035CB9E2499AF5 /* SidebarSelection.swift in Sources */,
				88C2227DB8EAA8D40E124331 /* SourceDetailView.swift in Sources */,
				B96C91A176567D08F15C76FB /* SourceListView.swift in Sources */,
				BE5CFBB4A2DEC01B50386A74 /* SourceService.swift in Sources */,
				22EDC9BB071ADAB7D676A14A /* StandUpHomeView.swift in Sources */,
				B06008B8DC9529C5D92122C2 /* TimeFormatting.swift in Sources */,
				ADE256727B597B171F59EB5E /* TimerRecoveryService.swift in Sources */,
				12A2398EC9AF8FEED6F29653 /* TodayItemCard.swift in Sources */,
				C0495A8136146413B39B9E82 /* WorkItemService.swift in Sources */,
				8AA271F45558077C103A36ED /* WorkSessionService.swift in Sources */,
				4874182D08BB3DF20BEA4063 /* WorkTypeDefaultService.swift in Sources */,
				EE6ABE183FEE644130DA91A6 /* WritingHomeView.swift in Sources */,
				804A079A2D9516979DA922C8 /* WritingProjectDetailView.swift in Sources */,
				3C7F0095F6F48B0151C709BC /* WritingRoute.swift in Sources */,
			);
			runOnlyForDeploymentPostprocessing = 0;
		};
/* End PBXSourcesBuildPhase section */

/* Begin PBXTargetDependency section */
		54C34D42B33A8CEE2C974E1F /* PBXTargetDependency */ = {
			isa = PBXTargetDependency;
			target = 67FC2C16D6369550C9FFC1C3 /* KyleOS */;
			targetProxy = D823DDED99CDB599EFD68777 /* PBXContainerItemProxy */;
		};
/* End PBXTargetDependency section */

/* Begin XCBuildConfiguration section */
		2530525DCD54DAB50BDF3FF6 /* Release */ = {
			isa = XCBuildConfiguration;
			buildSettings = {
				BUNDLE_LOADER = "$(TEST_HOST)";
				COMBINE_HIDPI_IMAGES = YES;
				GENERATE_INFOPLIST_FILE = YES;
				LD_RUNPATH_SEARCH_PATHS = (
					"$(inherited)",
					"@executable_path/../Frameworks",
					"@loader_path/../Frameworks",
				);
				MACOSX_DEPLOYMENT_TARGET = 14.0;
				PRODUCT_BUNDLE_IDENTIFIER = com.kylepatan.KyleOSTests;
				SDKROOT = macosx;
				TEST_HOST = "$(BUILT_PRODUCTS_DIR)/KyleOS.app/Contents/MacOS/KyleOS";
			};
			name = Release;
		};
		B43091D75A7CD2B15931478C /* Debug */ = {
			isa = XCBuildConfiguration;
			buildSettings = {
				ALWAYS_SEARCH_USER_PATHS = NO;
				CLANG_ANALYZER_NONNULL = YES;
				CLANG_ANALYZER_NUMBER_OBJECT_CONVERSION = YES_AGGRESSIVE;
				CLANG_CXX_LANGUAGE_STANDARD = "gnu++14";
				CLANG_CXX_LIBRARY = "libc++";
				CLANG_ENABLE_MODULES = YES;
				CLANG_ENABLE_OBJC_ARC = YES;
				CLANG_ENABLE_OBJC_WEAK = YES;
				CLANG_WARN_BLOCK_CAPTURE_AUTORELEASING = YES;
				CLANG_WARN_BOOL_CONVERSION = YES;
				CLANG_WARN_COMMA = YES;
				CLANG_WARN_CONSTANT_CONVERSION = YES;
				CLANG_WARN_DEPRECATED_OBJC_IMPLEMENTATIONS = YES;
				CLANG_WARN_DIRECT_OBJC_ISA_USAGE = YES_ERROR;
				CLANG_WARN_DOCUMENTATION_COMMENTS = YES;
				CLANG_WARN_EMPTY_BODY = YES;
				CLANG_WARN_ENUM_CONVERSION = YES;
				CLANG_WARN_INFINITE_RECURSION = YES;
				CLANG_WARN_INT_CONVERSION = YES;
				CLANG_WARN_NON_LITERAL_NULL_CONVERSION = YES;
				CLANG_WARN_OBJC_IMPLICIT_RETAIN_SELF = YES;
				CLANG_WARN_OBJC_LITERAL_CONVERSION = YES;
				CLANG_WARN_OBJC_ROOT_CLASS = YES_ERROR;
				CLANG_WARN_QUOTED_INCLUDE_IN_FRAMEWORK_HEADER = YES;
				CLANG_WARN_RANGE_LOOP_ANALYSIS = YES;
				CLANG_WARN_STRICT_PROTOTYPES = YES;
				CLANG_WARN_SUSPICIOUS_MOVE = YES;
				CLANG_WARN_UNGUARDED_AVAILABILITY = YES_AGGRESSIVE;
				CLANG_WARN_UNREACHABLE_CODE = YES;
				CLANG_WARN__DUPLICATE_METHOD_MATCH = YES;
				CODE_SIGN_IDENTITY = "-";
				CODE_SIGN_STYLE = Manual;
				COPY_PHASE_STRIP = NO;
				DEBUG_INFORMATION_FORMAT = dwarf;
				DEVELOPMENT_TEAM = "";
				ENABLE_STRICT_OBJC_MSGSEND = YES;
				ENABLE_TESTABILITY = YES;
				GCC_C_LANGUAGE_STANDARD = gnu11;
				GCC_DYNAMIC_NO_PIC = NO;
				GCC_NO_COMMON_BLOCKS = YES;
				GCC_OPTIMIZATION_LEVEL = 0;
				GCC_PREPROCESSOR_DEFINITIONS = (
					"$(inherited)",
					"DEBUG=1",
				);
				GCC_WARN_64_TO_32_BIT_CONVERSION = YES;
				GCC_WARN_ABOUT_RETURN_TYPE = YES_ERROR;
				GCC_WARN_UNDECLARED_SELECTOR = YES;
				GCC_WARN_UNINITIALIZED_AUTOS = YES_AGGRESSIVE;
				GCC_WARN_UNUSED_FUNCTION = YES;
				GCC_WARN_UNUSED_VARIABLE = YES;
				MACOSX_DEPLOYMENT_TARGET = 14.0;
				MTL_ENABLE_DEBUG_INFO = INCLUDE_SOURCE;
				MTL_FAST_MATH = YES;
				ONLY_ACTIVE_ARCH = YES;
				PRODUCT_NAME = "$(TARGET_NAME)";
				SDKROOT = macosx;
				SWIFT_ACTIVE_COMPILATION_CONDITIONS = DEBUG;
				SWIFT_OPTIMIZATION_LEVEL = "-Onone";
				SWIFT_VERSION = 5.0;
			};
			name = Debug;
		};
		BEB3D998AB1823409B840A6F /* Debug */ = {
			isa = XCBuildConfiguration;
			buildSettings = {
				ASSETCATALOG_COMPILER_APPICON_NAME = AppIcon;
				COMBINE_HIDPI_IMAGES = YES;
				CURRENT_PROJECT_VERSION = 1;
				GENERATE_INFOPLIST_FILE = YES;
				INFOPLIST_KEY_NSHumanReadableCopyright = "";
				LD_RUNPATH_SEARCH_PATHS = (
					"$(inherited)",
					"@executable_path/../Frameworks",
				);
				MACOSX_DEPLOYMENT_TARGET = 14.0;
				MARKETING_VERSION = 0.1.0;
				PRODUCT_BUNDLE_IDENTIFIER = com.kylepatan.KyleOS;
				SDKROOT = macosx;
			};
			name = Debug;
		};
		D193F390245D3B82312B165F /* Release */ = {
			isa = XCBuildConfiguration;
			buildSettings = {
				ASSETCATALOG_COMPILER_APPICON_NAME = AppIcon;
				COMBINE_HIDPI_IMAGES = YES;
				CURRENT_PROJECT_VERSION = 1;
				GENERATE_INFOPLIST_FILE = YES;
				INFOPLIST_KEY_NSHumanReadableCopyright = "";
				LD_RUNPATH_SEARCH_PATHS = (
					"$(inherited)",
					"@executable_path/../Frameworks",
				);
				MACOSX_DEPLOYMENT_TARGET = 14.0;
				MARKETING_VERSION = 0.1.0;
				PRODUCT_BUNDLE_IDENTIFIER = com.kylepatan.KyleOS;
				SDKROOT = macosx;
			};
			name = Release;
		};
		ED0E0D298D71B15DC45BDB77 /* Debug */ = {
			isa = XCBuildConfiguration;
			buildSettings = {
				BUNDLE_LOADER = "$(TEST_HOST)";
				COMBINE_HIDPI_IMAGES = YES;
				GENERATE_INFOPLIST_FILE = YES;
				LD_RUNPATH_SEARCH_PATHS = (
					"$(inherited)",
					"@executable_path/../Frameworks",
					"@loader_path/../Frameworks",
				);
				MACOSX_DEPLOYMENT_TARGET = 14.0;
				PRODUCT_BUNDLE_IDENTIFIER = com.kylepatan.KyleOSTests;
				SDKROOT = macosx;
				TEST_HOST = "$(BUILT_PRODUCTS_DIR)/KyleOS.app/Contents/MacOS/KyleOS";
			};
			name = Debug;
		};
		EE0B55A1B3E6B27A735BA73D /* Release */ = {
			isa = XCBuildConfiguration;
			buildSettings = {
				ALWAYS_SEARCH_USER_PATHS = NO;
				CLANG_ANALYZER_NONNULL = YES;
				CLANG_ANALYZER_NUMBER_OBJECT_CONVERSION = YES_AGGRESSIVE;
				CLANG_CXX_LANGUAGE_STANDARD = "gnu++14";
				CLANG_CXX_LIBRARY = "libc++";
				CLANG_ENABLE_MODULES = YES;
				CLANG_ENABLE_OBJC_ARC = YES;
				CLANG_ENABLE_OBJC_WEAK = YES;
				CLANG_WARN_BLOCK_CAPTURE_AUTORELEASING = YES;
				CLANG_WARN_BOOL_CONVERSION = YES;
				CLANG_WARN_COMMA = YES;
				CLANG_WARN_CONSTANT_CONVERSION = YES;
				CLANG_WARN_DEPRECATED_OBJC_IMPLEMENTATIONS = YES;
				CLANG_WARN_DIRECT_OBJC_ISA_USAGE = YES_ERROR;
				CLANG_WARN_DOCUMENTATION_COMMENTS = YES;
				CLANG_WARN_EMPTY_BODY = YES;
				CLANG_WARN_ENUM_CONVERSION = YES;
				CLANG_WARN_INFINITE_RECURSION = YES;
				CLANG_WARN_INT_CONVERSION = YES;
				CLANG_WARN_NON_LITERAL_NULL_CONVERSION = YES;
				CLANG_WARN_OBJC_IMPLICIT_RETAIN_SELF = YES;
				CLANG_WARN_OBJC_LITERAL_CONVERSION = YES;
				CLANG_WARN_OBJC_ROOT_CLASS = YES_ERROR;
				CLANG_WARN_QUOTED_INCLUDE_IN_FRAMEWORK_HEADER = YES;
				CLANG_WARN_RANGE_LOOP_ANALYSIS = YES;
				CLANG_WARN_STRICT_PROTOTYPES = YES;
				CLANG_WARN_SUSPICIOUS_MOVE = YES;
				CLANG_WARN_UNGUARDED_AVAILABILITY = YES_AGGRESSIVE;
				CLANG_WARN_UNREACHABLE_CODE = YES;
				CLANG_WARN__DUPLICATE_METHOD_MATCH = YES;
				CODE_SIGN_IDENTITY = "-";
				CODE_SIGN_STYLE = Manual;
				COPY_PHASE_STRIP = NO;
				DEBUG_INFORMATION_FORMAT = "dwarf-with-dsym";
				DEVELOPMENT_TEAM = "";
				ENABLE_NS_ASSERTIONS = NO;
				ENABLE_STRICT_OBJC_MSGSEND = YES;
				GCC_C_LANGUAGE_STANDARD = gnu11;
				GCC_NO_COMMON_BLOCKS = YES;
				GCC_WARN_64_TO_32_BIT_CONVERSION = YES;
				GCC_WARN_ABOUT_RETURN_TYPE = YES_ERROR;
				GCC_WARN_UNDECLARED_SELECTOR = YES;
				GCC_WARN_UNINITIALIZED_AUTOS = YES_AGGRESSIVE;
				GCC_WARN_UNUSED_FUNCTION = YES;
				GCC_WARN_UNUSED_VARIABLE = YES;
				MACOSX_DEPLOYMENT_TARGET = 14.0;
				MTL_ENABLE_DEBUG_INFO = NO;
				MTL_FAST_MATH = YES;
				PRODUCT_NAME = "$(TARGET_NAME)";
				SDKROOT = macosx;
				SWIFT_COMPILATION_MODE = wholemodule;
				SWIFT_OPTIMIZATION_LEVEL = "-O";
				SWIFT_VERSION = 5.0;
			};
			name = Release;
		};
/* End XCBuildConfiguration section */

/* Begin XCConfigurationList section */
		3D129789F3C7DDD6C74A23F3 /* Build configuration list for PBXNativeTarget "KyleOSTests" */ = {
			isa = XCConfigurationList;
			buildConfigurations = (
				ED0E0D298D71B15DC45BDB77 /* Debug */,
				2530525DCD54DAB50BDF3FF6 /* Release */,
			);
			defaultConfigurationIsVisible = 0;
			defaultConfigurationName = Debug;
		};
		5FA547CD462DF5DB8F79A6F7 /* Build configuration list for PBXProject "KyleOS" */ = {
			isa = XCConfigurationList;
			buildConfigurations = (
				B43091D75A7CD2B15931478C /* Debug */,
				EE0B55A1B3E6B27A735BA73D /* Release */,
			);
			defaultConfigurationIsVisible = 0;
			defaultConfigurationName = Debug;
		};
		C07A54E7890BDB7EEA2CB88B /* Build configuration list for PBXNativeTarget "KyleOS" */ = {
			isa = XCConfigurationList;
			buildConfigurations = (
				BEB3D998AB1823409B840A6F /* Debug */,
				D193F390245D3B82312B165F /* Release */,
			);
			defaultConfigurationIsVisible = 0;
			defaultConfigurationName = Debug;
		};
/* End XCConfigurationList section */
	};
	rootObject = 253407720992904777E0ACFF /* Project object */;
}
